// !$*UTF8*$!
{
	archiveVersion = 1;
	classes = {
	};
	objectVersion = 50;
	objects = {

/* Begin PBXBuildFile section */
		3BD9D4A022F9B0CF00048796 /* PhoneReviewViewModel.swift in Sources */ = {isa = PBXBuildFile; fileRef = 3BD9D49F22F9B0CF00048796 /* PhoneReviewViewModel.swift */; };
		82766C5421DF96AD0048EFB9 /* BaseReviewTableView.swift in Sources */ = {isa = PBXBuildFile; fileRef = 82766C5321DF96AD0048EFB9 /* BaseReviewTableView.swift */; };
		82766C5621DF96BD0048EFB9 /* BaseReviewTableViewCell.swift in Sources */ = {isa = PBXBuildFile; fileRef = 82766C5521DF96BD0048EFB9 /* BaseReviewTableViewCell.swift */; };
		82766C5B21E046F10048EFB9 /* SettingViewController.swift in Sources */ = {isa = PBXBuildFile; fileRef = 82766C5A21E046F10048EFB9 /* SettingViewController.swift */; };
		827BE3F221E8D3F8009E0517 /* AppListViewController.swift in Sources */ = {isa = PBXBuildFile; fileRef = 827BE3F121E8D3F8009E0517 /* AppListViewController.swift */; };
		827BE3F421E8D538009E0517 /* AppListTableViewCell.swift in Sources */ = {isa = PBXBuildFile; fileRef = 827BE3F321E8D538009E0517 /* AppListTableViewCell.swift */; };
		827BE3F621E8D874009E0517 /* AppSearchViewController.swift in Sources */ = {isa = PBXBuildFile; fileRef = 827BE3F521E8D874009E0517 /* AppSearchViewController.swift */; };
		827BE3F821E8DFFB009E0517 /* AppSearchViewModel.swift in Sources */ = {isa = PBXBuildFile; fileRef = 827BE3F721E8DFFB009E0517 /* AppSearchViewModel.swift */; };
		827BE3FA21E8F04E009E0517 /* AppListTableView.swift in Sources */ = {isa = PBXBuildFile; fileRef = 827BE3F921E8F04E009E0517 /* AppListTableView.swift */; };
		829965EB21E4EAB4004F2A14 /* ViewControllerFactory.swift in Sources */ = {isa = PBXBuildFile; fileRef = 829965EA21E4EAB4004F2A14 /* ViewControllerFactory.swift */; };
		82BA6C1A21E98BCA007AC9FB /* AppListViewModel.swift in Sources */ = {isa = PBXBuildFile; fileRef = 82BA6C1921E98BCA007AC9FB /* AppListViewModel.swift */; };
		82ECBD0321DD077800900188 /* AppDelegate.swift in Sources */ = {isa = PBXBuildFile; fileRef = 82ECBD0221DD077800900188 /* AppDelegate.swift */; };
		82ECBD0D21DD077900900188 /* Assets.xcassets in Resources */ = {isa = PBXBuildFile; fileRef = 82ECBD0C21DD077900900188 /* Assets.xcassets */; };
		82ECBD1021DD077900900188 /* LaunchScreen.storyboard in Resources */ = {isa = PBXBuildFile; fileRef = 82ECBD0E21DD077900900188 /* LaunchScreen.storyboard */; };
		82ECBD1A21DD08F500900188 /* BaseReviewViewController.swift in Sources */ = {isa = PBXBuildFile; fileRef = 82ECBD1921DD08F500900188 /* BaseReviewViewController.swift */; };
		82ECBD1C21DD095900900188 /* BaseReviewViewModel.swift in Sources */ = {isa = PBXBuildFile; fileRef = 82ECBD1B21DD095900900188 /* BaseReviewViewModel.swift */; };
		A82B4C7B113BBEC13B1B823D /* Pods_Review.framework in Frameworks */ = {isa = PBXBuildFile; fileRef = 46B6B1E82AA2991557B51F74 /* Pods_Review.framework */; };
		D404262922FBBAB500F91BF3 /* CacheKit.framework in Embeded Framework */ = {isa = PBXBuildFile; fileRef = D404262622FBBAAB00F91BF3 /* CacheKit.framework */; settings = {ATTRIBUTES = (CodeSignOnCopy, RemoveHeadersOnCopy, ); }; };
		D414476D22FBFB8100A612E3 /* AppStoreReviewAPILayer.framework in Embeded Framework */ = {isa = PBXBuildFile; fileRef = D414476A22FBFB7400A612E3 /* AppStoreReviewAPILayer.framework */; settings = {ATTRIBUTES = (CodeSignOnCopy, RemoveHeadersOnCopy, ); }; };
		D414476E22FBFB8800A612E3 /* ReviewUIKit.framework in Embeded Framework */ = {isa = PBXBuildFile; fileRef = 3B7E0D2922FB022400593EB1 /* ReviewUIKit.framework */; settings = {ATTRIBUTES = (CodeSignOnCopy, RemoveHeadersOnCopy, ); }; };
		D414476F22FBFB8C00A612E3 /* AppStoreReviewService.framework in Embeded Framework */ = {isa = PBXBuildFile; fileRef = D4547E1122F91D5B00FA2F42 /* AppStoreReviewService.framework */; settings = {ATTRIBUTES = (CodeSignOnCopy, RemoveHeadersOnCopy, ); }; };
		D414477122FBFB9800A612E3 /* ReviewHelperKit.framework in Embeded Framework */ = {isa = PBXBuildFile; fileRef = D4547E0822F91D5B00FA2F42 /* ReviewHelperKit.framework */; settings = {ATTRIBUTES = (CodeSignOnCopy, RemoveHeadersOnCopy, ); }; };
		D4547E3522F9219B00FA2F42 /* Cosmos.framework in Embeded Framework */ = {isa = PBXBuildFile; fileRef = D4547E3222F9218400FA2F42 /* Cosmos.framework */; settings = {ATTRIBUTES = (CodeSignOnCopy, RemoveHeadersOnCopy, ); }; };
		D4547E3622F9219B00FA2F42 /* Kingfisher.framework in Embeded Framework */ = {isa = PBXBuildFile; fileRef = D4547E2D22F9217200FA2F42 /* Kingfisher.framework */; settings = {ATTRIBUTES = (CodeSignOnCopy, RemoveHeadersOnCopy, ); }; };
		D4547E3722F9219B00FA2F42 /* RxCocoa.framework in Embeded Framework */ = {isa = PBXBuildFile; fileRef = D4547E2F22F9217200FA2F42 /* RxCocoa.framework */; settings = {ATTRIBUTES = (CodeSignOnCopy, RemoveHeadersOnCopy, ); }; };
		D4547E3822F9219B00FA2F42 /* RxRelay.framework in Embeded Framework */ = {isa = PBXBuildFile; fileRef = D4547E2E22F9217200FA2F42 /* RxRelay.framework */; settings = {ATTRIBUTES = (CodeSignOnCopy, RemoveHeadersOnCopy, ); }; };
		D4547E3922F9219B00FA2F42 /* RxSwift.framework in Embeded Framework */ = {isa = PBXBuildFile; fileRef = D4547E3122F9217200FA2F42 /* RxSwift.framework */; settings = {ATTRIBUTES = (CodeSignOnCopy, RemoveHeadersOnCopy, ); }; };
		D4547E3A22F9219B00FA2F42 /* SnapKit.framework in Embeded Framework */ = {isa = PBXBuildFile; fileRef = D4547E3022F9217200FA2F42 /* SnapKit.framework */; settings = {ATTRIBUTES = (CodeSignOnCopy, RemoveHeadersOnCopy, ); }; };
		D4547E3B22F9219B00FA2F42 /* CoreStore.framework in Embeded Framework */ = {isa = PBXBuildFile; fileRef = D4547E2C22F9215F00FA2F42 /* CoreStore.framework */; settings = {ATTRIBUTES = (CodeSignOnCopy, RemoveHeadersOnCopy, ); }; };
		D4547E3C22F9219B00FA2F42 /* Alamofire.framework in Embeded Framework */ = {isa = PBXBuildFile; fileRef = D4547E2B22F9215700FA2F42 /* Alamofire.framework */; settings = {ATTRIBUTES = (CodeSignOnCopy, RemoveHeadersOnCopy, ); }; };
		D46AC8D922F97240003E5AB8 /* PhoneTabBarController.swift in Sources */ = {isa = PBXBuildFile; fileRef = D46AC8D822F97240003E5AB8 /* PhoneTabBarController.swift */; };
		D46AC8DB22F97345003E5AB8 /* SettingView.swift in Sources */ = {isa = PBXBuildFile; fileRef = D46AC8DA22F97345003E5AB8 /* SettingView.swift */; };
		D46AC8E522F98549003E5AB8 /* PhoneReviewViewController.swift in Sources */ = {isa = PBXBuildFile; fileRef = D46AC8E422F98549003E5AB8 /* PhoneReviewViewController.swift */; };
		D46AC8E722F9865D003E5AB8 /* PhoneReviewView.swift in Sources */ = {isa = PBXBuildFile; fileRef = D46AC8E622F9865D003E5AB8 /* PhoneReviewView.swift */; };
		D488038123069897003478DC /* primary@2x.png in Resources */ = {isa = PBXBuildFile; fileRef = D488037F23069897003478DC /* primary@2x.png */; };
		D488038223069897003478DC /* primary@3x.png in Resources */ = {isa = PBXBuildFile; fileRef = D488038023069897003478DC /* primary@3x.png */; };
		D48803872306A296003478DC /* second@2x.png in Resources */ = {isa = PBXBuildFile; fileRef = D48803852306A295003478DC /* second@2x.png */; };
		D48803882306A296003478DC /* second@3x.png in Resources */ = {isa = PBXBuildFile; fileRef = D48803862306A296003478DC /* second@3x.png */; };
		D488038B2306A2B9003478DC /* third@3x.png in Resources */ = {isa = PBXBuildFile; fileRef = D48803892306A2B8003478DC /* third@3x.png */; };
		D488038C2306A2B9003478DC /* third@2x.png in Resources */ = {isa = PBXBuildFile; fileRef = D488038A2306A2B9003478DC /* third@2x.png */; };
		D4A7BA8F22FD0D580079A041 /* Instabug.framework in Frameworks */ = {isa = PBXBuildFile; fileRef = D4A7BA8E22FD0D580079A041 /* Instabug.framework */; };
		D4A7BA9022FD0D620079A041 /* Instabug.framework in Embeded Framework */ = {isa = PBXBuildFile; fileRef = D4A7BA8E22FD0D580079A041 /* Instabug.framework */; settings = {ATTRIBUTES = (CodeSignOnCopy, RemoveHeadersOnCopy, ); }; };
/* End PBXBuildFile section */

/* Begin PBXContainerItemProxy section */
		3B7E0D2822FB022400593EB1 /* PBXContainerItemProxy */ = {
			isa = PBXContainerItemProxy;
			containerPortal = 3B7E0D2322FB022400593EB1 /* ReviewUIKit.xcodeproj */;
			proxyType = 2;
			remoteGlobalIDString = 3B7E0CF222FAFEA500593EB1;
			remoteInfo = ReviewUIKit;
		};
		3B7E0D2A22FB022400593EB1 /* PBXContainerItemProxy */ = {
			isa = PBXContainerItemProxy;
			containerPortal = 3B7E0D2322FB022400593EB1 /* ReviewUIKit.xcodeproj */;
			proxyType = 2;
			remoteGlobalIDString = 3B7E0CFB22FAFEA500593EB1;
			remoteInfo = ReviewUIKitTests;
		};
		3B7E0D2E22FB040600593EB1 /* PBXContainerItemProxy */ = {
			isa = PBXContainerItemProxy;
			containerPortal = 3B7E0D2322FB022400593EB1 /* ReviewUIKit.xcodeproj */;
			proxyType = 1;
			remoteGlobalIDString = 3B7E0CF122FAFEA500593EB1;
			remoteInfo = ReviewUIKit;
		};
		D404262522FBBAAB00F91BF3 /* PBXContainerItemProxy */ = {
			isa = PBXContainerItemProxy;
			containerPortal = D404262022FBBAAB00F91BF3 /* CacheKit.xcodeproj */;
			proxyType = 2;
			remoteGlobalIDString = 3BC1523F22F85BA500FA3F50;
			remoteInfo = CacheKit;
		};
		D404262722FBBAAB00F91BF3 /* PBXContainerItemProxy */ = {
			isa = PBXContainerItemProxy;
			containerPortal = D404262022FBBAAB00F91BF3 /* CacheKit.xcodeproj */;
			proxyType = 2;
			remoteGlobalIDString = 3BC1524822F85BA500FA3F50;
			remoteInfo = CacheKitTests;
		};
		D414476922FBFB7400A612E3 /* PBXContainerItemProxy */ = {
			isa = PBXContainerItemProxy;
			containerPortal = D414476422FBFB7400A612E3 /* AppStoreReviewAPILayer.xcodeproj */;
			proxyType = 2;
			remoteGlobalIDString = 3BAB876822F8797E00B0CABD;
			remoteInfo = AppStoreReviewAPILayer;
		};
		D414476B22FBFB7400A612E3 /* PBXContainerItemProxy */ = {
			isa = PBXContainerItemProxy;
			containerPortal = D414476422FBFB7400A612E3 /* AppStoreReviewAPILayer.xcodeproj */;
			proxyType = 2;
			remoteGlobalIDString = 3BAB877122F8797F00B0CABD;
			remoteInfo = AppStoreReviewAPILayerTests;
		};
		D4547E0722F91D5B00FA2F42 /* PBXContainerItemProxy */ = {
			isa = PBXContainerItemProxy;
			containerPortal = D4547E0222F91D5B00FA2F42 /* ReviewHelperKit.xcodeproj */;
			proxyType = 2;
			remoteGlobalIDString = 3B13D1E922F7D9D000FE6107;
			remoteInfo = ReviewHelperKit;
		};
		D4547E0922F91D5B00FA2F42 /* PBXContainerItemProxy */ = {
			isa = PBXContainerItemProxy;
			containerPortal = D4547E0222F91D5B00FA2F42 /* ReviewHelperKit.xcodeproj */;
			proxyType = 2;
			remoteGlobalIDString = 3B13D1F222F7D9D000FE6107;
			remoteInfo = ReviewHelperKitTests;
		};
		D4547E1022F91D5B00FA2F42 /* PBXContainerItemProxy */ = {
			isa = PBXContainerItemProxy;
			containerPortal = D4547E0B22F91D5B00FA2F42 /* AppStoreReviewService.xcodeproj */;
			proxyType = 2;
			remoteGlobalIDString = 3BCB8AAC22F67EA800BAA401;
			remoteInfo = AppStoreReviewService;
		};
		D4547E1222F91D5B00FA2F42 /* PBXContainerItemProxy */ = {
			isa = PBXContainerItemProxy;
			containerPortal = D4547E0B22F91D5B00FA2F42 /* AppStoreReviewService.xcodeproj */;
			proxyType = 2;
			remoteGlobalIDString = 3BCB8AB522F67EA900BAA401;
			remoteInfo = AppStoreReviewServiceTests;
		};
		D4547E1D22F91D6A00FA2F42 /* PBXContainerItemProxy */ = {
			isa = PBXContainerItemProxy;
			containerPortal = D4547E0B22F91D5B00FA2F42 /* AppStoreReviewService.xcodeproj */;
			proxyType = 1;
			remoteGlobalIDString = 3BCB8AAB22F67EA800BAA401;
			remoteInfo = AppStoreReviewService;
		};
		D4547E1F22F91D6D00FA2F42 /* PBXContainerItemProxy */ = {
			isa = PBXContainerItemProxy;
			containerPortal = D4547E0222F91D5B00FA2F42 /* ReviewHelperKit.xcodeproj */;
			proxyType = 1;
			remoteGlobalIDString = 3B13D1E822F7D9D000FE6107;
			remoteInfo = ReviewHelperKit;
		};
/* End PBXContainerItemProxy section */

/* Begin PBXCopyFilesBuildPhase section */
		3BC1527822F8671F00FA3F50 /* Embeded Framework */ = {
			isa = PBXCopyFilesBuildPhase;
			buildActionMask = 2147483647;
			dstPath = "";
			dstSubfolderSpec = 10;
			files = (
				D4A7BA9022FD0D620079A041 /* Instabug.framework in Embeded Framework */,
				D414477122FBFB9800A612E3 /* ReviewHelperKit.framework in Embeded Framework */,
				D414476F22FBFB8C00A612E3 /* AppStoreReviewService.framework in Embeded Framework */,
				D414476E22FBFB8800A612E3 /* ReviewUIKit.framework in Embeded Framework */,
				D414476D22FBFB8100A612E3 /* AppStoreReviewAPILayer.framework in Embeded Framework */,
				D404262922FBBAB500F91BF3 /* CacheKit.framework in Embeded Framework */,
				D4547E3522F9219B00FA2F42 /* Cosmos.framework in Embeded Framework */,
				D4547E3622F9219B00FA2F42 /* Kingfisher.framework in Embeded Framework */,
				D4547E3722F9219B00FA2F42 /* RxCocoa.framework in Embeded Framework */,
				D4547E3822F9219B00FA2F42 /* RxRelay.framework in Embeded Framework */,
				D4547E3922F9219B00FA2F42 /* RxSwift.framework in Embeded Framework */,
				D4547E3A22F9219B00FA2F42 /* SnapKit.framework in Embeded Framework */,
				D4547E3B22F9219B00FA2F42 /* CoreStore.framework in Embeded Framework */,
				D4547E3C22F9219B00FA2F42 /* Alamofire.framework in Embeded Framework */,
			);
			name = "Embeded Framework";
			runOnlyForDeploymentPostprocessing = 0;
		};
/* End PBXCopyFilesBuildPhase section */

/* Begin PBXFileReference section */
		0789AD96B4A45996EFCE8769 /* Pods-Review.debug.xcconfig */ = {isa = PBXFileReference; includeInIndex = 1; lastKnownFileType = text.xcconfig; name = "Pods-Review.debug.xcconfig"; path = "Pods/Target Support Files/Pods-Review/Pods-Review.debug.xcconfig"; sourceTree = "<group>"; };
		12248069E4992839073F4CC7 /* Pods-Review.release.xcconfig */ = {isa = PBXFileReference; includeInIndex = 1; lastKnownFileType = text.xcconfig; name = "Pods-Review.release.xcconfig"; path = "Pods/Target Support Files/Pods-Review/Pods-Review.release.xcconfig"; sourceTree = "<group>"; };
		3B7E0D2322FB022400593EB1 /* ReviewUIKit.xcodeproj */ = {isa = PBXFileReference; lastKnownFileType = "wrapper.pb-project"; name = ReviewUIKit.xcodeproj; path = ReviewUIKit/ReviewUIKit.xcodeproj; sourceTree = "<group>"; };
		3BD9D49F22F9B0CF00048796 /* PhoneReviewViewModel.swift */ = {isa = PBXFileReference; lastKnownFileType = sourcecode.swift; path = PhoneReviewViewModel.swift; sourceTree = "<group>"; };
		46B6B1E82AA2991557B51F74 /* Pods_Review.framework */ = {isa = PBXFileReference; explicitFileType = wrapper.framework; includeInIndex = 0; path = Pods_Review.framework; sourceTree = BUILT_PRODUCTS_DIR; };
		82766C5321DF96AD0048EFB9 /* BaseReviewTableView.swift */ = {isa = PBXFileReference; lastKnownFileType = sourcecode.swift; path = BaseReviewTableView.swift; sourceTree = "<group>"; };
		82766C5521DF96BD0048EFB9 /* BaseReviewTableViewCell.swift */ = {isa = PBXFileReference; lastKnownFileType = sourcecode.swift; path = BaseReviewTableViewCell.swift; sourceTree = "<group>"; };
		82766C5A21E046F10048EFB9 /* SettingViewController.swift */ = {isa = PBXFileReference; lastKnownFileType = sourcecode.swift; path = SettingViewController.swift; sourceTree = "<group>"; };
		827BE3F121E8D3F8009E0517 /* AppListViewController.swift */ = {isa = PBXFileReference; lastKnownFileType = sourcecode.swift; path = AppListViewController.swift; sourceTree = "<group>"; };
		827BE3F321E8D538009E0517 /* AppListTableViewCell.swift */ = {isa = PBXFileReference; lastKnownFileType = sourcecode.swift; path = AppListTableViewCell.swift; sourceTree = "<group>"; };
		827BE3F521E8D874009E0517 /* AppSearchViewController.swift */ = {isa = PBXFileReference; lastKnownFileType = sourcecode.swift; path = AppSearchViewController.swift; sourceTree = "<group>"; };
		827BE3F721E8DFFB009E0517 /* AppSearchViewModel.swift */ = {isa = PBXFileReference; lastKnownFileType = sourcecode.swift; path = AppSearchViewModel.swift; sourceTree = "<group>"; };
		827BE3F921E8F04E009E0517 /* AppListTableView.swift */ = {isa = PBXFileReference; lastKnownFileType = sourcecode.swift; path = AppListTableView.swift; sourceTree = "<group>"; };
		829965EA21E4EAB4004F2A14 /* ViewControllerFactory.swift */ = {isa = PBXFileReference; lastKnownFileType = sourcecode.swift; path = ViewControllerFactory.swift; sourceTree = "<group>"; };
		82BA6C1921E98BCA007AC9FB /* AppListViewModel.swift */ = {isa = PBXFileReference; lastKnownFileType = sourcecode.swift; path = AppListViewModel.swift; sourceTree = "<group>"; };
		82ECBCFF21DD077800900188 /* Review-app.app */ = {isa = PBXFileReference; explicitFileType = wrapper.application; includeInIndex = 0; path = "Review-app.app"; sourceTree = BUILT_PRODUCTS_DIR; };
		82ECBD0221DD077800900188 /* AppDelegate.swift */ = {isa = PBXFileReference; lastKnownFileType = sourcecode.swift; path = AppDelegate.swift; sourceTree = "<group>"; };
		82ECBD0C21DD077900900188 /* Assets.xcassets */ = {isa = PBXFileReference; lastKnownFileType = folder.assetcatalog; path = Assets.xcassets; sourceTree = "<group>"; };
		82ECBD0F21DD077900900188 /* Base */ = {isa = PBXFileReference; lastKnownFileType = file.storyboard; name = Base; path = Base.lproj/LaunchScreen.storyboard; sourceTree = "<group>"; };
		82ECBD1121DD077900900188 /* Info.plist */ = {isa = PBXFileReference; lastKnownFileType = text.plist.xml; path = Info.plist; sourceTree = "<group>"; };
		82ECBD1921DD08F500900188 /* BaseReviewViewController.swift */ = {isa = PBXFileReference; lastKnownFileType = sourcecode.swift; path = BaseReviewViewController.swift; sourceTree = "<group>"; };
		82ECBD1B21DD095900900188 /* BaseReviewViewModel.swift */ = {isa = PBXFileReference; lastKnownFileType = sourcecode.swift; path = BaseReviewViewModel.swift; sourceTree = "<group>"; };
		D404262022FBBAAB00F91BF3 /* CacheKit.xcodeproj */ = {isa = PBXFileReference; lastKnownFileType = "wrapper.pb-project"; name = CacheKit.xcodeproj; path = CacheKit/CacheKit.xcodeproj; sourceTree = "<group>"; };
		D414476322FBFA5700A612E3 /* Review.entitlements */ = {isa = PBXFileReference; fileEncoding = 4; lastKnownFileType = text.plist.entitlements; path = Review.entitlements; sourceTree = "<group>"; };
		D414476422FBFB7400A612E3 /* AppStoreReviewAPILayer.xcodeproj */ = {isa = PBXFileReference; lastKnownFileType = "wrapper.pb-project"; name = AppStoreReviewAPILayer.xcodeproj; path = AppStoreReviewAPILayer/AppStoreReviewAPILayer.xcodeproj; sourceTree = "<group>"; };
		D4547E0222F91D5B00FA2F42 /* ReviewHelperKit.xcodeproj */ = {isa = PBXFileReference; lastKnownFileType = "wrapper.pb-project"; name = ReviewHelperKit.xcodeproj; path = ReviewHelperKit/ReviewHelperKit.xcodeproj; sourceTree = "<group>"; };
		D4547E0B22F91D5B00FA2F42 /* AppStoreReviewService.xcodeproj */ = {isa = PBXFileReference; lastKnownFileType = "wrapper.pb-project"; name = AppStoreReviewService.xcodeproj; path = AppStoreReviewService/AppStoreReviewService.xcodeproj; sourceTree = "<group>"; };
		D4547E2B22F9215700FA2F42 /* Alamofire.framework */ = {isa = PBXFileReference; lastKnownFileType = wrapper.framework; name = Alamofire.framework; path = Carthage/Build/iOS/Alamofire.framework; sourceTree = "<group>"; };
		D4547E2C22F9215F00FA2F42 /* CoreStore.framework */ = {isa = PBXFileReference; lastKnownFileType = wrapper.framework; name = CoreStore.framework; path = Carthage/Build/iOS/CoreStore.framework; sourceTree = "<group>"; };
		D4547E2D22F9217200FA2F42 /* Kingfisher.framework */ = {isa = PBXFileReference; lastKnownFileType = wrapper.framework; name = Kingfisher.framework; path = Carthage/Build/iOS/Kingfisher.framework; sourceTree = "<group>"; };
		D4547E2E22F9217200FA2F42 /* RxRelay.framework */ = {isa = PBXFileReference; lastKnownFileType = wrapper.framework; name = RxRelay.framework; path = Carthage/Build/iOS/RxRelay.framework; sourceTree = "<group>"; };
		D4547E2F22F9217200FA2F42 /* RxCocoa.framework */ = {isa = PBXFileReference; lastKnownFileType = wrapper.framework; name = RxCocoa.framework; path = Carthage/Build/iOS/RxCocoa.framework; sourceTree = "<group>"; };
		D4547E3022F9217200FA2F42 /* SnapKit.framework */ = {isa = PBXFileReference; lastKnownFileType = wrapper.framework; name = SnapKit.framework; path = Carthage/Build/iOS/SnapKit.framework; sourceTree = "<group>"; };
		D4547E3122F9217200FA2F42 /* RxSwift.framework */ = {isa = PBXFileReference; lastKnownFileType = wrapper.framework; name = RxSwift.framework; path = Carthage/Build/iOS/RxSwift.framework; sourceTree = "<group>"; };
		D4547E3222F9218400FA2F42 /* Cosmos.framework */ = {isa = PBXFileReference; lastKnownFileType = wrapper.framework; name = Cosmos.framework; path = Carthage/Build/iOS/Cosmos.framework; sourceTree = "<group>"; };
		D46AC8D822F97240003E5AB8 /* PhoneTabBarController.swift */ = {isa = PBXFileReference; lastKnownFileType = sourcecode.swift; path = PhoneTabBarController.swift; sourceTree = "<group>"; };
		D46AC8DA22F97345003E5AB8 /* SettingView.swift */ = {isa = PBXFileReference; lastKnownFileType = sourcecode.swift; path = SettingView.swift; sourceTree = "<group>"; };
		D46AC8E422F98549003E5AB8 /* PhoneReviewViewController.swift */ = {isa = PBXFileReference; lastKnownFileType = sourcecode.swift; path = PhoneReviewViewController.swift; sourceTree = "<group>"; };
		D46AC8E622F9865D003E5AB8 /* PhoneReviewView.swift */ = {isa = PBXFileReference; lastKnownFileType = sourcecode.swift; path = PhoneReviewView.swift; sourceTree = "<group>"; };
		D488037F23069897003478DC /* primary@2x.png */ = {isa = PBXFileReference; lastKnownFileType = image.png; path = "primary@2x.png"; sourceTree = "<group>"; };
		D488038023069897003478DC /* primary@3x.png */ = {isa = PBXFileReference; lastKnownFileType = image.png; path = "primary@3x.png"; sourceTree = "<group>"; };
		D48803852306A295003478DC /* second@2x.png */ = {isa = PBXFileReference; lastKnownFileType = image.png; path = "second@2x.png"; sourceTree = "<group>"; };
		D48803862306A296003478DC /* second@3x.png */ = {isa = PBXFileReference; lastKnownFileType = image.png; path = "second@3x.png"; sourceTree = "<group>"; };
		D48803892306A2B8003478DC /* third@3x.png */ = {isa = PBXFileReference; lastKnownFileType = image.png; path = "third@3x.png"; sourceTree = "<group>"; };
		D488038A2306A2B9003478DC /* third@2x.png */ = {isa = PBXFileReference; lastKnownFileType = image.png; path = "third@2x.png"; sourceTree = "<group>"; };
		D4A7BA8E22FD0D580079A041 /* Instabug.framework */ = {isa = PBXFileReference; lastKnownFileType = wrapper.framework; path = Instabug.framework; sourceTree = "<group>"; };
/* End PBXFileReference section */

/* Begin PBXFrameworksBuildPhase section */
		82ECBCFC21DD077800900188 /* Frameworks */ = {
			isa = PBXFrameworksBuildPhase;
			buildActionMask = 2147483647;
			files = (
				A82B4C7B113BBEC13B1B823D /* Pods_Review.framework in Frameworks */,
				D4A7BA8F22FD0D580079A041 /* Instabug.framework in Frameworks */,
			);
			runOnlyForDeploymentPostprocessing = 0;
		};
/* End PBXFrameworksBuildPhase section */

/* Begin PBXGroup section */
		3B10A66522F854C0001C435C /* Dependency */ = {
			isa = PBXGroup;
			children = (
				D414476422FBFB7400A612E3 /* AppStoreReviewAPILayer.xcodeproj */,
				D404262022FBBAAB00F91BF3 /* CacheKit.xcodeproj */,
				3B7E0D2322FB022400593EB1 /* ReviewUIKit.xcodeproj */,
				D4547E0B22F91D5B00FA2F42 /* AppStoreReviewService.xcodeproj */,
				D4547E0222F91D5B00FA2F42 /* ReviewHelperKit.xcodeproj */,
			);
			name = Dependency;
			sourceTree = "<group>";
		};
		3B7E0D2422FB022400593EB1 /* Products */ = {
			isa = PBXGroup;
			children = (
				3B7E0D2922FB022400593EB1 /* ReviewUIKit.framework */,
				3B7E0D2B22FB022400593EB1 /* ReviewUIKitTests.xctest */,
			);
			name = Products;
			sourceTree = "<group>";
		};
		3BAB874722F869D500B0CABD /* Frameworks */ = {
			isa = PBXGroup;
			children = (
				D4547E3222F9218400FA2F42 /* Cosmos.framework */,
				D4547E2D22F9217200FA2F42 /* Kingfisher.framework */,
				D4547E2F22F9217200FA2F42 /* RxCocoa.framework */,
				D4547E2E22F9217200FA2F42 /* RxRelay.framework */,
				D4547E3122F9217200FA2F42 /* RxSwift.framework */,
				D4547E3022F9217200FA2F42 /* SnapKit.framework */,
				D4547E2C22F9215F00FA2F42 /* CoreStore.framework */,
				D4547E2B22F9215700FA2F42 /* Alamofire.framework */,
			);
			name = Frameworks;
			sourceTree = "<group>";
		};
		73113C180381D5425071F74F /* Pods */ = {
			isa = PBXGroup;
			children = (
				0789AD96B4A45996EFCE8769 /* Pods-Review.debug.xcconfig */,
				12248069E4992839073F4CC7 /* Pods-Review.release.xcconfig */,
			);
			name = Pods;
			sourceTree = "<group>";
		};
		82766C5921E046D20048EFB9 /* Setting */ = {
			isa = PBXGroup;
			children = (
				82766C5A21E046F10048EFB9 /* SettingViewController.swift */,
				D46AC8DA22F97345003E5AB8 /* SettingView.swift */,
			);
			path = Setting;
			sourceTree = "<group>";
		};
		827BE3F021E8D3E0009E0517 /* ManageAppView */ = {
			isa = PBXGroup;
			children = (
				827BE3F121E8D3F8009E0517 /* AppListViewController.swift */,
				827BE3F321E8D538009E0517 /* AppListTableViewCell.swift */,
				827BE3F521E8D874009E0517 /* AppSearchViewController.swift */,
				827BE3F721E8DFFB009E0517 /* AppSearchViewModel.swift */,
				827BE3F921E8F04E009E0517 /* AppListTableView.swift */,
				82BA6C1921E98BCA007AC9FB /* AppListViewModel.swift */,
			);
			path = ManageAppView;
			sourceTree = "<group>";
		};
		829965EC21E4EB3E004F2A14 /* Factory */ = {
			isa = PBXGroup;
			children = (
				829965EA21E4EAB4004F2A14 /* ViewControllerFactory.swift */,
			);
			path = Factory;
			sourceTree = "<group>";
		};
		82ECBCF621DD077700900188 = {
			isa = PBXGroup;
			children = (
				D4A7BA8D22FD0D430079A041 /* SDK */,
				3BAB874722F869D500B0CABD /* Frameworks */,
				3B10A66522F854C0001C435C /* Dependency */,
				82ECBD0121DD077800900188 /* Review */,
				82ECBD0021DD077800900188 /* Products */,
				73113C180381D5425071F74F /* Pods */,
				EACA14358D398094B8EA5A21 /* Frameworks */,
			);
			sourceTree = "<group>";
		};
		82ECBD0021DD077800900188 /* Products */ = {
			isa = PBXGroup;
			children = (
				82ECBCFF21DD077800900188 /* Review-app.app */,
			);
			name = Products;
			sourceTree = "<group>";
		};
		82ECBD0121DD077800900188 /* Review */ = {
			isa = PBXGroup;
			children = (
				D488035F230685AB003478DC /* AppIcons */,
				D414476322FBFA5700A612E3 /* Review.entitlements */,
				D46AC8E322F9852C003E5AB8 /* PhoneReviewView */,
				D46AC8D422F97215003E5AB8 /* Tabbar */,
				827BE3F021E8D3E0009E0517 /* ManageAppView */,
				829965EC21E4EB3E004F2A14 /* Factory */,
				82766C5921E046D20048EFB9 /* Setting */,
				82ECBD1821DD08DA00900188 /* BaseReviewView */,
				82ECBD0221DD077800900188 /* AppDelegate.swift */,
				82ECBD0C21DD077900900188 /* Assets.xcassets */,
				82ECBD0E21DD077900900188 /* LaunchScreen.storyboard */,
				82ECBD1121DD077900900188 /* Info.plist */,
			);
			path = Review;
			sourceTree = "<group>";
		};
		82ECBD1821DD08DA00900188 /* BaseReviewView */ = {
			isa = PBXGroup;
			children = (
				82ECBD1921DD08F500900188 /* BaseReviewViewController.swift */,
				82ECBD1B21DD095900900188 /* BaseReviewViewModel.swift */,
				82766C5321DF96AD0048EFB9 /* BaseReviewTableView.swift */,
				82766C5521DF96BD0048EFB9 /* BaseReviewTableViewCell.swift */,
			);
			path = BaseReviewView;
			sourceTree = "<group>";
		};
		D404262122FBBAAB00F91BF3 /* Products */ = {
			isa = PBXGroup;
			children = (
				D404262622FBBAAB00F91BF3 /* CacheKit.framework */,
				D404262822FBBAAB00F91BF3 /* CacheKitTests.xctest */,
			);
			name = Products;
			sourceTree = "<group>";
		};
		D414476522FBFB7400A612E3 /* Products */ = {
			isa = PBXGroup;
			children = (
				D414476A22FBFB7400A612E3 /* AppStoreReviewAPILayer.framework */,
				D414476C22FBFB7400A612E3 /* AppStoreReviewAPILayerTests.xctest */,
			);
			name = Products;
			sourceTree = "<group>";
		};
		D4547E0322F91D5B00FA2F42 /* Products */ = {
			isa = PBXGroup;
			children = (
				D4547E0822F91D5B00FA2F42 /* ReviewHelperKit.framework */,
				D4547E0A22F91D5B00FA2F42 /* ReviewHelperKitTests.xctest */,
			);
			name = Products;
			sourceTree = "<group>";
		};
		D4547E0C22F91D5B00FA2F42 /* Products */ = {
			isa = PBXGroup;
			children = (
				D4547E1122F91D5B00FA2F42 /* AppStoreReviewService.framework */,
				D4547E1322F91D5B00FA2F42 /* AppStoreReviewServiceTests.xctest */,
			);
			name = Products;
			sourceTree = "<group>";
		};
		D46AC8D422F97215003E5AB8 /* Tabbar */ = {
			isa = PBXGroup;
			children = (
				D46AC8D822F97240003E5AB8 /* PhoneTabBarController.swift */,
			);
			path = Tabbar;
			sourceTree = "<group>";
		};
		D46AC8E322F9852C003E5AB8 /* PhoneReviewView */ = {
			isa = PBXGroup;
			children = (
				D46AC8E422F98549003E5AB8 /* PhoneReviewViewController.swift */,
				D46AC8E622F9865D003E5AB8 /* PhoneReviewView.swift */,
				3BD9D49F22F9B0CF00048796 /* PhoneReviewViewModel.swift */,
			);
			path = PhoneReviewView;
			sourceTree = "<group>";
		};
		D488035F230685AB003478DC /* AppIcons */ = {
			isa = PBXGroup;
			children = (
				D488038A2306A2B9003478DC /* third@2x.png */,
				D48803892306A2B8003478DC /* third@3x.png */,
				D48803852306A295003478DC /* second@2x.png */,
				D48803862306A296003478DC /* second@3x.png */,
				D488037F23069897003478DC /* primary@2x.png */,
				D488038023069897003478DC /* primary@3x.png */,
			);
			path = AppIcons;
			sourceTree = "<group>";
		};
		D4A7BA8D22FD0D430079A041 /* SDK */ = {
			isa = PBXGroup;
			children = (
				D4A7BA8E22FD0D580079A041 /* Instabug.framework */,
			);
			name = SDK;
			path = Review/SDK;
			sourceTree = "<group>";
		};
		EACA14358D398094B8EA5A21 /* Frameworks */ = {
			isa = PBXGroup;
			children = (
				46B6B1E82AA2991557B51F74 /* Pods_Review.framework */,
			);
			name = Frameworks;
			sourceTree = "<group>";
		};
/* End PBXGroup section */

/* Begin PBXNativeTarget section */
		82ECBCFE21DD077800900188 /* Review-app */ = {
			isa = PBXNativeTarget;
			buildConfigurationList = 82ECBD1421DD077900900188 /* Build configuration list for PBXNativeTarget "Review-app" */;
			buildPhases = (
				40D91214D6E3E91B143C8F12 /* [CP] Check Pods Manifest.lock */,
				82ECBCFB21DD077800900188 /* Sources */,
				82ECBCFC21DD077800900188 /* Frameworks */,
				82ECBCFD21DD077800900188 /* Resources */,
				3BC1527822F8671F00FA3F50 /* Embeded Framework */,
				3BC1527422F866CA00FA3F50 /* ShellScript */,
			);
			buildRules = (
			);
			dependencies = (
				3B7E0D2F22FB040600593EB1 /* PBXTargetDependency */,
				D4547E2022F91D6D00FA2F42 /* PBXTargetDependency */,
				D4547E1E22F91D6A00FA2F42 /* PBXTargetDependency */,
			);
			name = "Review-app";
			productName = Review;
			productReference = 82ECBCFF21DD077800900188 /* Review-app.app */;
			productType = "com.apple.product-type.application";
		};
/* End PBXNativeTarget section */

/* Begin PBXProject section */
		82ECBCF721DD077700900188 /* Project object */ = {
			isa = PBXProject;
			attributes = {
				LastSwiftUpdateCheck = 1000;
				LastUpgradeCheck = 1000;
				ORGANIZATIONNAME = Wenslow;
				TargetAttributes = {
					82ECBCFE21DD077800900188 = {
						CreatedOnToolsVersion = 10.0;
					};
				};
			};
			buildConfigurationList = 82ECBCFA21DD077700900188 /* Build configuration list for PBXProject "Review" */;
			compatibilityVersion = "Xcode 9.3";
			developmentRegion = en;
			hasScannedForEncodings = 0;
			knownRegions = (
				en,
				Base,
			);
			mainGroup = 82ECBCF621DD077700900188;
			productRefGroup = 82ECBD0021DD077800900188 /* Products */;
			projectDirPath = "";
			projectReferences = (
				{
					ProductGroup = D414476522FBFB7400A612E3 /* Products */;
					ProjectRef = D414476422FBFB7400A612E3 /* AppStoreReviewAPILayer.xcodeproj */;
				},
				{
					ProductGroup = D4547E0C22F91D5B00FA2F42 /* Products */;
					ProjectRef = D4547E0B22F91D5B00FA2F42 /* AppStoreReviewService.xcodeproj */;
				},
				{
					ProductGroup = D404262122FBBAAB00F91BF3 /* Products */;
					ProjectRef = D404262022FBBAAB00F91BF3 /* CacheKit.xcodeproj */;
				},
				{
					ProductGroup = D4547E0322F91D5B00FA2F42 /* Products */;
					ProjectRef = D4547E0222F91D5B00FA2F42 /* ReviewHelperKit.xcodeproj */;
				},
				{
					ProductGroup = 3B7E0D2422FB022400593EB1 /* Products */;
					ProjectRef = 3B7E0D2322FB022400593EB1 /* ReviewUIKit.xcodeproj */;
				},
			);
			projectRoot = "";
			targets = (
				82ECBCFE21DD077800900188 /* Review-app */,
			);
		};
/* End PBXProject section */

/* Begin PBXReferenceProxy section */
		3B7E0D2922FB022400593EB1 /* ReviewUIKit.framework */ = {
			isa = PBXReferenceProxy;
			fileType = wrapper.framework;
			path = ReviewUIKit.framework;
			remoteRef = 3B7E0D2822FB022400593EB1 /* PBXContainerItemProxy */;
			sourceTree = BUILT_PRODUCTS_DIR;
		};
		3B7E0D2B22FB022400593EB1 /* ReviewUIKitTests.xctest */ = {
			isa = PBXReferenceProxy;
			fileType = wrapper.cfbundle;
			path = ReviewUIKitTests.xctest;
			remoteRef = 3B7E0D2A22FB022400593EB1 /* PBXContainerItemProxy */;
			sourceTree = BUILT_PRODUCTS_DIR;
		};
		D404262622FBBAAB00F91BF3 /* CacheKit.framework */ = {
			isa = PBXReferenceProxy;
			fileType = wrapper.framework;
			path = CacheKit.framework;
			remoteRef = D404262522FBBAAB00F91BF3 /* PBXContainerItemProxy */;
			sourceTree = BUILT_PRODUCTS_DIR;
		};
		D404262822FBBAAB00F91BF3 /* CacheKitTests.xctest */ = {
			isa = PBXReferenceProxy;
			fileType = wrapper.cfbundle;
			path = CacheKitTests.xctest;
			remoteRef = D404262722FBBAAB00F91BF3 /* PBXContainerItemProxy */;
			sourceTree = BUILT_PRODUCTS_DIR;
		};
		D414476A22FBFB7400A612E3 /* AppStoreReviewAPILayer.framework */ = {
			isa = PBXReferenceProxy;
			fileType = wrapper.framework;
			path = AppStoreReviewAPILayer.framework;
			remoteRef = D414476922FBFB7400A612E3 /* PBXContainerItemProxy */;
			sourceTree = BUILT_PRODUCTS_DIR;
		};
		D414476C22FBFB7400A612E3 /* AppStoreReviewAPILayerTests.xctest */ = {
			isa = PBXReferenceProxy;
			fileType = wrapper.cfbundle;
			path = AppStoreReviewAPILayerTests.xctest;
			remoteRef = D414476B22FBFB7400A612E3 /* PBXContainerItemProxy */;
			sourceTree = BUILT_PRODUCTS_DIR;
		};
		D4547E0822F91D5B00FA2F42 /* ReviewHelperKit.framework */ = {
			isa = PBXReferenceProxy;
			fileType = wrapper.framework;
			path = ReviewHelperKit.framework;
			remoteRef = D4547E0722F91D5B00FA2F42 /* PBXContainerItemProxy */;
			sourceTree = BUILT_PRODUCTS_DIR;
		};
		D4547E0A22F91D5B00FA2F42 /* ReviewHelperKitTests.xctest */ = {
			isa = PBXReferenceProxy;
			fileType = wrapper.cfbundle;
			path = ReviewHelperKitTests.xctest;
			remoteRef = D4547E0922F91D5B00FA2F42 /* PBXContainerItemProxy */;
			sourceTree = BUILT_PRODUCTS_DIR;
		};
		D4547E1122F91D5B00FA2F42 /* AppStoreReviewService.framework */ = {
			isa = PBXReferenceProxy;
			fileType = wrapper.framework;
			path = AppStoreReviewService.framework;
			remoteRef = D4547E1022F91D5B00FA2F42 /* PBXContainerItemProxy */;
			sourceTree = BUILT_PRODUCTS_DIR;
		};
		D4547E1322F91D5B00FA2F42 /* AppStoreReviewServiceTests.xctest */ = {
			isa = PBXReferenceProxy;
			fileType = wrapper.cfbundle;
			path = AppStoreReviewServiceTests.xctest;
			remoteRef = D4547E1222F91D5B00FA2F42 /* PBXContainerItemProxy */;
			sourceTree = BUILT_PRODUCTS_DIR;
		};
/* End PBXReferenceProxy section */

/* Begin PBXResourcesBuildPhase section */
		82ECBCFD21DD077800900188 /* Resources */ = {
			isa = PBXResourcesBuildPhase;
			buildActionMask = 2147483647;
			files = (
				82ECBD1021DD077900900188 /* LaunchScreen.storyboard in Resources */,
				82ECBD0D21DD077900900188 /* Assets.xcassets in Resources */,
				D488038223069897003478DC /* primary@3x.png in Resources */,
				D488038C2306A2B9003478DC /* third@2x.png in Resources */,
				D488038B2306A2B9003478DC /* third@3x.png in Resources */,
				D48803882306A296003478DC /* second@3x.png in Resources */,
				D48803872306A296003478DC /* second@2x.png in Resources */,
				D488038123069897003478DC /* primary@2x.png in Resources */,
			);
			runOnlyForDeploymentPostprocessing = 0;
		};
/* End PBXResourcesBuildPhase section */

/* Begin PBXShellScriptBuildPhase section */
		3BC1527422F866CA00FA3F50 /* ShellScript */ = {
			isa = PBXShellScriptBuildPhase;
			buildActionMask = 8;
			files = (
			);
			inputFileListPaths = (
			);
			inputPaths = (
			);
			outputFileListPaths = (
			);
			outputPaths = (
			);
			runOnlyForDeploymentPostprocessing = 1;
			shellPath = /bin/sh;
			shellScript = "bash \"${BUILT_PRODUCTS_DIR}/${FRAMEWORKS_FOLDER_PATH}/Instabug.framework/strip-frameworks.sh\"\n";
		};
		40D91214D6E3E91B143C8F12 /* [CP] Check Pods Manifest.lock */ = {
			isa = PBXShellScriptBuildPhase;
			buildActionMask = 2147483647;
			files = (
			);
			inputPaths = (
				"${PODS_PODFILE_DIR_PATH}/Podfile.lock",
				"${PODS_ROOT}/Manifest.lock",
			);
			name = "[CP] Check Pods Manifest.lock";
			outputPaths = (
				"$(DERIVED_FILE_DIR)/Pods-Review-checkManifestLockResult.txt",
			);
			runOnlyForDeploymentPostprocessing = 0;
			shellPath = /bin/sh;
			shellScript = "diff \"${PODS_PODFILE_DIR_PATH}/Podfile.lock\" \"${PODS_ROOT}/Manifest.lock\" > /dev/null\nif [ $? != 0 ] ; then\n    # print error to STDERR\n    echo \"error: The sandbox is not in sync with the Podfile.lock. Run 'pod install' or update your CocoaPods installation.\" >&2\n    exit 1\nfi\n# This output is used by Xcode 'outputs' to avoid re-running this script phase.\necho \"SUCCESS\" > \"${SCRIPT_OUTPUT_FILE_0}\"\n";
			showEnvVarsInLog = 0;
		};
/* End PBXShellScriptBuildPhase section */

/* Begin PBXSourcesBuildPhase section */
		82ECBCFB21DD077800900188 /* Sources */ = {
			isa = PBXSourcesBuildPhase;
			buildActionMask = 2147483647;
			files = (
				82766C5B21E046F10048EFB9 /* SettingViewController.swift in Sources */,
				82766C5421DF96AD0048EFB9 /* BaseReviewTableView.swift in Sources */,
				82766C5621DF96BD0048EFB9 /* BaseReviewTableViewCell.swift in Sources */,
				827BE3F421E8D538009E0517 /* AppListTableViewCell.swift in Sources */,
				829965EB21E4EAB4004F2A14 /* ViewControllerFactory.swift in Sources */,
				827BE3F221E8D3F8009E0517 /* AppListViewController.swift in Sources */,
				D46AC8E722F9865D003E5AB8 /* PhoneReviewView.swift in Sources */,
				3BD9D4A022F9B0CF00048796 /* PhoneReviewViewModel.swift in Sources */,
				82ECBD1C21DD095900900188 /* BaseReviewViewModel.swift in Sources */,
				82BA6C1A21E98BCA007AC9FB /* AppListViewModel.swift in Sources */,
				827BE3FA21E8F04E009E0517 /* AppListTableView.swift in Sources */,
				82ECBD1A21DD08F500900188 /* BaseReviewViewController.swift in Sources */,
				82ECBD0321DD077800900188 /* AppDelegate.swift in Sources */,
				D46AC8D922F97240003E5AB8 /* PhoneTabBarController.swift in Sources */,
				D46AC8DB22F97345003E5AB8 /* SettingView.swift in Sources */,
				827BE3F621E8D874009E0517 /* AppSearchViewController.swift in Sources */,
				827BE3F821E8DFFB009E0517 /* AppSearchViewModel.swift in Sources */,
				D46AC8E522F98549003E5AB8 /* PhoneReviewViewController.swift in Sources */,
			);
			runOnlyForDeploymentPostprocessing = 0;
		};
/* End PBXSourcesBuildPhase section */

/* Begin PBXTargetDependency section */
		3B7E0D2F22FB040600593EB1 /* PBXTargetDependency */ = {
			isa = PBXTargetDependency;
			name = ReviewUIKit;
			targetProxy = 3B7E0D2E22FB040600593EB1 /* PBXContainerItemProxy */;
		};
		D4547E1E22F91D6A00FA2F42 /* PBXTargetDependency */ = {
			isa = PBXTargetDependency;
			name = AppStoreReviewService;
			targetProxy = D4547E1D22F91D6A00FA2F42 /* PBXContainerItemProxy */;
		};
		D4547E2022F91D6D00FA2F42 /* PBXTargetDependency */ = {
			isa = PBXTargetDependency;
			name = ReviewHelperKit;
			targetProxy = D4547E1F22F91D6D00FA2F42 /* PBXContainerItemProxy */;
		};
/* End PBXTargetDependency section */

/* Begin PBXVariantGroup section */
		82ECBD0E21DD077900900188 /* LaunchScreen.storyboard */ = {
			isa = PBXVariantGroup;
			children = (
				82ECBD0F21DD077900900188 /* Base */,
			);
			name = LaunchScreen.storyboard;
			sourceTree = "<group>";
		};
/* End PBXVariantGroup section */

/* Begin XCBuildConfiguration section */
		82ECBD1221DD077900900188 /* Debug */ = {
			isa = XCBuildConfiguration;
			buildSettings = {
				ALWAYS_SEARCH_USER_PATHS = NO;
				CLANG_ANALYZER_NONNULL = YES;
				CLANG_ANALYZER_NUMBER_OBJECT_CONVERSION = YES_AGGRESSIVE;
				CLANG_CXX_LANGUAGE_STANDARD = "gnu++14";
				CLANG_CXX_LIBRARY = "libc++";
				CLANG_ENABLE_MODULES = YES;
				CLANG_ENABLE_OBJC_ARC = YES;
				CLANG_ENABLE_OBJC_WEAK = YES;
				CLANG_WARN_BLOCK_CAPTURE_AUTORELEASING = YES;
				CLANG_WARN_BOOL_CONVERSION = YES;
				CLANG_WARN_COMMA = YES;
				CLANG_WARN_CONSTANT_CONVERSION = YES;
				CLANG_WARN_DEPRECATED_OBJC_IMPLEMENTATIONS = YES;
				CLANG_WARN_DIRECT_OBJC_ISA_USAGE = YES_ERROR;
				CLANG_WARN_DOCUMENTATION_COMMENTS = YES;
				CLANG_WARN_EMPTY_BODY = YES;
				CLANG_WARN_ENUM_CONVERSION = YES;
				CLANG_WARN_INFINITE_RECURSION = YES;
				CLANG_WARN_INT_CONVERSION = YES;
				CLANG_WARN_NON_LITERAL_NULL_CONVERSION = YES;
				CLANG_WARN_OBJC_IMPLICIT_RETAIN_SELF = YES;
				CLANG_WARN_OBJC_LITERAL_CONVERSION = YES;
				CLANG_WARN_OBJC_ROOT_CLASS = YES_ERROR;
				CLANG_WARN_RANGE_LOOP_ANALYSIS = YES;
				CLANG_WARN_STRICT_PROTOTYPES = YES;
				CLANG_WARN_SUSPICIOUS_MOVE = YES;
				CLANG_WARN_UNGUARDED_AVAILABILITY = YES_AGGRESSIVE;
				CLANG_WARN_UNREACHABLE_CODE = YES;
				CLANG_WARN__DUPLICATE_METHOD_MATCH = YES;
				CODE_SIGN_IDENTITY = "iPhone Developer";
				COPY_PHASE_STRIP = NO;
				DEBUG_INFORMATION_FORMAT = dwarf;
				ENABLE_STRICT_OBJC_MSGSEND = YES;
				ENABLE_TESTABILITY = YES;
				GCC_C_LANGUAGE_STANDARD = gnu11;
				GCC_DYNAMIC_NO_PIC = NO;
				GCC_NO_COMMON_BLOCKS = YES;
				GCC_OPTIMIZATION_LEVEL = 0;
				GCC_PREPROCESSOR_DEFINITIONS = (
					"DEBUG=1",
					"$(inherited)",
				);
				GCC_WARN_64_TO_32_BIT_CONVERSION = YES;
				GCC_WARN_ABOUT_RETURN_TYPE = YES_ERROR;
				GCC_WARN_UNDECLARED_SELECTOR = YES;
				GCC_WARN_UNINITIALIZED_AUTOS = YES_AGGRESSIVE;
				GCC_WARN_UNUSED_FUNCTION = YES;
				GCC_WARN_UNUSED_VARIABLE = YES;
				IPHONEOS_DEPLOYMENT_TARGET = 12.0;
				MTL_ENABLE_DEBUG_INFO = INCLUDE_SOURCE;
				MTL_FAST_MATH = YES;
				ONLY_ACTIVE_ARCH = YES;
				SDKROOT = iphoneos;
				SWIFT_ACTIVE_COMPILATION_CONDITIONS = DEBUG;
				SWIFT_OPTIMIZATION_LEVEL = "-Onone";
			};
			name = Debug;
		};
		82ECBD1321DD077900900188 /* Release */ = {
			isa = XCBuildConfiguration;
			buildSettings = {
				ALWAYS_SEARCH_USER_PATHS = NO;
				CLANG_ANALYZER_NONNULL = YES;
				CLANG_ANALYZER_NUMBER_OBJECT_CONVERSION = YES_AGGRESSIVE;
				CLANG_CXX_LANGUAGE_STANDARD = "gnu++14";
				CLANG_CXX_LIBRARY = "libc++";
				CLANG_ENABLE_MODULES = YES;
				CLANG_ENABLE_OBJC_ARC = YES;
				CLANG_ENABLE_OBJC_WEAK = YES;
				CLANG_WARN_BLOCK_CAPTURE_AUTORELEASING = YES;
				CLANG_WARN_BOOL_CONVERSION = YES;
				CLANG_WARN_COMMA = YES;
				CLANG_WARN_CONSTANT_CONVERSION = YES;
				CLANG_WARN_DEPRECATED_OBJC_IMPLEMENTATIONS = YES;
				CLANG_WARN_DIRECT_OBJC_ISA_USAGE = YES_ERROR;
				CLANG_WARN_DOCUMENTATION_COMMENTS = YES;
				CLANG_WARN_EMPTY_BODY = YES;
				CLANG_WARN_ENUM_CONVERSION = YES;
				CLANG_WARN_INFINITE_RECURSION = YES;
				CLANG_WARN_INT_CONVERSION = YES;
				CLANG_WARN_NON_LITERAL_NULL_CONVERSION = YES;
				CLANG_WARN_OBJC_IMPLICIT_RETAIN_SELF = YES;
				CLANG_WARN_OBJC_LITERAL_CONVERSION = YES;
				CLANG_WARN_OBJC_ROOT_CLASS = YES_ERROR;
				CLANG_WARN_RANGE_LOOP_ANALYSIS = YES;
				CLANG_WARN_STRICT_PROTOTYPES = YES;
				CLANG_WARN_SUSPICIOUS_MOVE = YES;
				CLANG_WARN_UNGUARDED_AVAILABILITY = YES_AGGRESSIVE;
				CLANG_WARN_UNREACHABLE_CODE = YES;
				CLANG_WARN__DUPLICATE_METHOD_MATCH = YES;
				CODE_SIGN_IDENTITY = "iPhone Developer";
				COPY_PHASE_STRIP = NO;
				DEBUG_INFORMATION_FORMAT = "dwarf-with-dsym";
				ENABLE_NS_ASSERTIONS = NO;
				ENABLE_STRICT_OBJC_MSGSEND = YES;
				GCC_C_LANGUAGE_STANDARD = gnu11;
				GCC_NO_COMMON_BLOCKS = YES;
				GCC_WARN_64_TO_32_BIT_CONVERSION = YES;
				GCC_WARN_ABOUT_RETURN_TYPE = YES_ERROR;
				GCC_WARN_UNDECLARED_SELECTOR = YES;
				GCC_WARN_UNINITIALIZED_AUTOS = YES_AGGRESSIVE;
				GCC_WARN_UNUSED_FUNCTION = YES;
				GCC_WARN_UNUSED_VARIABLE = YES;
				IPHONEOS_DEPLOYMENT_TARGET = 12.0;
				MTL_ENABLE_DEBUG_INFO = NO;
				MTL_FAST_MATH = YES;
				SDKROOT = iphoneos;
				SWIFT_COMPILATION_MODE = wholemodule;
				SWIFT_OPTIMIZATION_LEVEL = "-O";
				VALIDATE_PRODUCT = YES;
			};
			name = Release;
		};
		82ECBD1521DD077900900188 /* Debug */ = {
			isa = XCBuildConfiguration;
			baseConfigurationReference = 0789AD96B4A45996EFCE8769 /* Pods-Review.debug.xcconfig */;
			buildSettings = {
				ASSETCATALOG_COMPILER_APPICON_NAME = AppIcon;
				CODE_SIGN_ENTITLEMENTS = Review/Review.entitlements;
				CODE_SIGN_IDENTITY = "iPhone Developer";
				CODE_SIGN_STYLE = Automatic;
				DEVELOPMENT_TEAM = NUP7C5F5WD;
				FRAMEWORK_SEARCH_PATHS = (
					"$(SRCROOT)/Carthage/Build/iOS",
					"$(PROJECT_DIR)/Review/SDK",
				);
				INFOPLIST_FILE = Review/Info.plist;
				IPHONEOS_DEPLOYMENT_TARGET = 12.0;
				LD_RUNPATH_SEARCH_PATHS = (
					"$(inherited)",
					"@executable_path/Frameworks",
				);
				PRODUCT_BUNDLE_IDENTIFIER = com.wz.ReviewMonitor;
				PRODUCT_NAME = "$(TARGET_NAME)";
				PROVISIONING_PROFILE_SPECIFIER = "";
				SUPPORTS_UIKITFORMAC = NO;
				SWIFT_VERSION = 5.0;
				TARGETED_DEVICE_FAMILY = "1,2";
			};
			name = Debug;
		};
		82ECBD1621DD077900900188 /* Release */ = {
			isa = XCBuildConfiguration;
			baseConfigurationReference = 12248069E4992839073F4CC7 /* Pods-Review.release.xcconfig */;
			buildSettings = {
				ASSETCATALOG_COMPILER_APPICON_NAME = AppIcon;
				CODE_SIGN_ENTITLEMENTS = Review/Review.entitlements;
				CODE_SIGN_IDENTITY = "iPhone Developer";
				CODE_SIGN_STYLE = Automatic;
				DEVELOPMENT_TEAM = NUP7C5F5WD;
				FRAMEWORK_SEARCH_PATHS = (
					"$(SRCROOT)/Carthage/Build/iOS",
					"$(PROJECT_DIR)/Review/SDK",
				);
				INFOPLIST_FILE = Review/Info.plist;
				IPHONEOS_DEPLOYMENT_TARGET = 12.0;
				LD_RUNPATH_SEARCH_PATHS = (
					"$(inherited)",
					"@executable_path/Frameworks",
				);
				PRODUCT_BUNDLE_IDENTIFIER = com.wz.ReviewMonitor;
				PRODUCT_NAME = "$(TARGET_NAME)";
				PROVISIONING_PROFILE_SPECIFIER = "";
				SUPPORTS_UIKITFORMAC = NO;
				SWIFT_VERSION = 5.0;
				TARGETED_DEVICE_FAMILY = "1,2";
			};
			name = Release;
		};
/* End XCBuildConfiguration section */

/* Begin XCConfigurationList section */
		82ECBCFA21DD077700900188 /* Build configuration list for PBXProject "Review" */ = {
			isa = XCConfigurationList;
			buildConfigurations = (
				82ECBD1221DD077900900188 /* Debug */,
				82ECBD1321DD077900900188 /* Release */,
			);
			defaultConfigurationIsVisible = 0;
			defaultConfigurationName = Release;
		};
		82ECBD1421DD077900900188 /* Build configuration list for PBXNativeTarget "Review-app" */ = {
			isa = XCConfigurationList;
			buildConfigurations = (
				82ECBD1521DD077900900188 /* Debug */,
				82ECBD1621DD077900900188 /* Release */,
			);
			defaultConfigurationIsVisible = 0;
			defaultConfigurationName = Release;
		};
/* End XCConfigurationList section */
	};
	rootObject = 82ECBCF721DD077700900188 /* Project object */;
}
