// !$*UTF8*$!
{
	archiveVersion = 1;
	classes = {
	};
	objectVersion = 50;
	objects = {

/* Begin PBXBuildFile section */
		82766C4D21DF83F00048EFB9 /* ReviewService.swift in Sources */ = {isa = PBXBuildFile; fileRef = 82766C4C21DF83F00048EFB9 /* ReviewService.swift */; };
		82766C5421DF96AD0048EFB9 /* BaseReviewTableView.swift in Sources */ = {isa = PBXBuildFile; fileRef = 82766C5321DF96AD0048EFB9 /* BaseReviewTableView.swift */; };
		82766C5621DF96BD0048EFB9 /* BaseReviewTableViewCell.swift in Sources */ = {isa = PBXBuildFile; fileRef = 82766C5521DF96BD0048EFB9 /* BaseReviewTableViewCell.swift */; };
		82766C5B21E046F10048EFB9 /* SettingViewController.swift in Sources */ = {isa = PBXBuildFile; fileRef = 82766C5A21E046F10048EFB9 /* SettingViewController.swift */; };
		82766C5D21E047140048EFB9 /* ConfigurationProvidor.swift in Sources */ = {isa = PBXBuildFile; fileRef = 82766C5C21E047140048EFB9 /* ConfigurationProvidor.swift */; };
		827BE3ED21E8C424009E0517 /* AppModel.swift in Sources */ = {isa = PBXBuildFile; fileRef = 827BE3EC21E8C424009E0517 /* AppModel.swift */; };
		827BE3EF21E8C8CE009E0517 /* AppSearchService.swift in Sources */ = {isa = PBXBuildFile; fileRef = 827BE3EE21E8C8CE009E0517 /* AppSearchService.swift */; };
		827BE3F221E8D3F8009E0517 /* AppListViewController.swift in Sources */ = {isa = PBXBuildFile; fileRef = 827BE3F121E8D3F8009E0517 /* AppListViewController.swift */; };
		827BE3F421E8D538009E0517 /* AppListTableViewCell.swift in Sources */ = {isa = PBXBuildFile; fileRef = 827BE3F321E8D538009E0517 /* AppListTableViewCell.swift */; };
		827BE3F621E8D874009E0517 /* AppSearchViewController.swift in Sources */ = {isa = PBXBuildFile; fileRef = 827BE3F521E8D874009E0517 /* AppSearchViewController.swift */; };
		827BE3F821E8DFFB009E0517 /* AppSearchViewModel.swift in Sources */ = {isa = PBXBuildFile; fileRef = 827BE3F721E8DFFB009E0517 /* AppSearchViewModel.swift */; };
		827BE3FA21E8F04E009E0517 /* AppListTableView.swift in Sources */ = {isa = PBXBuildFile; fileRef = 827BE3F921E8F04E009E0517 /* AppListTableView.swift */; };
		829965E721E4E7BD004F2A14 /* BaseReviewView.swift in Sources */ = {isa = PBXBuildFile; fileRef = 829965E621E4E7BD004F2A14 /* BaseReviewView.swift */; };
		829965E921E4E97C004F2A14 /* BaseReviewView.xib in Resources */ = {isa = PBXBuildFile; fileRef = 829965E821E4E97C004F2A14 /* BaseReviewView.xib */; };
		829965EB21E4EAB4004F2A14 /* ViewControllerFactory.swift in Sources */ = {isa = PBXBuildFile; fileRef = 829965EA21E4EAB4004F2A14 /* ViewControllerFactory.swift */; };
		829965EE21E4F074004F2A14 /* PhoneViewController.swift in Sources */ = {isa = PBXBuildFile; fileRef = 829965ED21E4F074004F2A14 /* PhoneViewController.swift */; };
		829965F121E4F6CD004F2A14 /* AlertHelper.swift in Sources */ = {isa = PBXBuildFile; fileRef = 829965F021E4F6CD004F2A14 /* AlertHelper.swift */; };
		82ECBD0321DD077800900188 /* AppDelegate.swift in Sources */ = {isa = PBXBuildFile; fileRef = 82ECBD0221DD077800900188 /* AppDelegate.swift */; };
		82ECBD0821DD077800900188 /* Main.storyboard in Resources */ = {isa = PBXBuildFile; fileRef = 82ECBD0621DD077800900188 /* Main.storyboard */; };
		82ECBD0B21DD077800900188 /* Review.xcdatamodeld in Sources */ = {isa = PBXBuildFile; fileRef = 82ECBD0921DD077800900188 /* Review.xcdatamodeld */; };
		82ECBD0D21DD077900900188 /* Assets.xcassets in Resources */ = {isa = PBXBuildFile; fileRef = 82ECBD0C21DD077900900188 /* Assets.xcassets */; };
		82ECBD1021DD077900900188 /* LaunchScreen.storyboard in Resources */ = {isa = PBXBuildFile; fileRef = 82ECBD0E21DD077900900188 /* LaunchScreen.storyboard */; };
		82ECBD1A21DD08F500900188 /* BaseReviewViewController.swift in Sources */ = {isa = PBXBuildFile; fileRef = 82ECBD1921DD08F500900188 /* BaseReviewViewController.swift */; };
		82ECBD1C21DD095900900188 /* BaseReviewViewModel.swift in Sources */ = {isa = PBXBuildFile; fileRef = 82ECBD1B21DD095900900188 /* BaseReviewViewModel.swift */; };
		82ECBD1F21DD147800900188 /* ReviewModel.swift in Sources */ = {isa = PBXBuildFile; fileRef = 82ECBD1E21DD147800900188 /* ReviewModel.swift */; };
		82F9941F21E0BC33005A1706 /* PadReviewViewController.swift in Sources */ = {isa = PBXBuildFile; fileRef = 82F9941E21E0BC33005A1706 /* PadReviewViewController.swift */; };
		A82B4C7B113BBEC13B1B823D /* Pods_Review.framework in Frameworks */ = {isa = PBXBuildFile; fileRef = 46B6B1E82AA2991557B51F74 /* Pods_Review.framework */; };
/* End PBXBuildFile section */

/* Begin PBXFileReference section */
		0789AD96B4A45996EFCE8769 /* Pods-Review.debug.xcconfig */ = {isa = PBXFileReference; includeInIndex = 1; lastKnownFileType = text.xcconfig; name = "Pods-Review.debug.xcconfig"; path = "Pods/Target Support Files/Pods-Review/Pods-Review.debug.xcconfig"; sourceTree = "<group>"; };
		12248069E4992839073F4CC7 /* Pods-Review.release.xcconfig */ = {isa = PBXFileReference; includeInIndex = 1; lastKnownFileType = text.xcconfig; name = "Pods-Review.release.xcconfig"; path = "Pods/Target Support Files/Pods-Review/Pods-Review.release.xcconfig"; sourceTree = "<group>"; };
		46B6B1E82AA2991557B51F74 /* Pods_Review.framework */ = {isa = PBXFileReference; explicitFileType = wrapper.framework; includeInIndex = 0; path = Pods_Review.framework; sourceTree = BUILT_PRODUCTS_DIR; };
		82766C4C21DF83F00048EFB9 /* ReviewService.swift */ = {isa = PBXFileReference; lastKnownFileType = sourcecode.swift; path = ReviewService.swift; sourceTree = "<group>"; };
		82766C5321DF96AD0048EFB9 /* BaseReviewTableView.swift */ = {isa = PBXFileReference; lastKnownFileType = sourcecode.swift; path = BaseReviewTableView.swift; sourceTree = "<group>"; };
		82766C5521DF96BD0048EFB9 /* BaseReviewTableViewCell.swift */ = {isa = PBXFileReference; lastKnownFileType = sourcecode.swift; path = BaseReviewTableViewCell.swift; sourceTree = "<group>"; };
		82766C5A21E046F10048EFB9 /* SettingViewController.swift */ = {isa = PBXFileReference; lastKnownFileType = sourcecode.swift; path = SettingViewController.swift; sourceTree = "<group>"; };
		82766C5C21E047140048EFB9 /* ConfigurationProvidor.swift */ = {isa = PBXFileReference; lastKnownFileType = sourcecode.swift; path = ConfigurationProvidor.swift; sourceTree = "<group>"; };
		827BE3EC21E8C424009E0517 /* AppModel.swift */ = {isa = PBXFileReference; lastKnownFileType = sourcecode.swift; path = AppModel.swift; sourceTree = "<group>"; };
		827BE3EE21E8C8CE009E0517 /* AppSearchService.swift */ = {isa = PBXFileReference; lastKnownFileType = sourcecode.swift; path = AppSearchService.swift; sourceTree = "<group>"; };
		827BE3F121E8D3F8009E0517 /* AppListViewController.swift */ = {isa = PBXFileReference; lastKnownFileType = sourcecode.swift; path = AppListViewController.swift; sourceTree = "<group>"; };
		827BE3F321E8D538009E0517 /* AppListTableViewCell.swift */ = {isa = PBXFileReference; lastKnownFileType = sourcecode.swift; path = AppListTableViewCell.swift; sourceTree = "<group>"; };
		827BE3F521E8D874009E0517 /* AppSearchViewController.swift */ = {isa = PBXFileReference; lastKnownFileType = sourcecode.swift; path = AppSearchViewController.swift; sourceTree = "<group>"; };
		827BE3F721E8DFFB009E0517 /* AppSearchViewModel.swift */ = {isa = PBXFileReference; lastKnownFileType = sourcecode.swift; path = AppSearchViewModel.swift; sourceTree = "<group>"; };
		827BE3F921E8F04E009E0517 /* AppListTableView.swift */ = {isa = PBXFileReference; lastKnownFileType = sourcecode.swift; path = AppListTableView.swift; sourceTree = "<group>"; };
		829965E621E4E7BD004F2A14 /* BaseReviewView.swift */ = {isa = PBXFileReference; lastKnownFileType = sourcecode.swift; path = BaseReviewView.swift; sourceTree = "<group>"; };
		829965E821E4E97C004F2A14 /* BaseReviewView.xib */ = {isa = PBXFileReference; lastKnownFileType = file.xib; path = BaseReviewView.xib; sourceTree = "<group>"; };
		829965EA21E4EAB4004F2A14 /* ViewControllerFactory.swift */ = {isa = PBXFileReference; lastKnownFileType = sourcecode.swift; path = ViewControllerFactory.swift; sourceTree = "<group>"; };
		829965ED21E4F074004F2A14 /* PhoneViewController.swift */ = {isa = PBXFileReference; lastKnownFileType = sourcecode.swift; path = PhoneViewController.swift; sourceTree = "<group>"; };
		829965F021E4F6CD004F2A14 /* AlertHelper.swift */ = {isa = PBXFileReference; lastKnownFileType = sourcecode.swift; path = AlertHelper.swift; sourceTree = "<group>"; };
		82ECBCFF21DD077800900188 /* Review.app */ = {isa = PBXFileReference; explicitFileType = wrapper.application; includeInIndex = 0; path = Review.app; sourceTree = BUILT_PRODUCTS_DIR; };
		82ECBD0221DD077800900188 /* AppDelegate.swift */ = {isa = PBXFileReference; lastKnownFileType = sourcecode.swift; path = AppDelegate.swift; sourceTree = "<group>"; };
		82ECBD0721DD077800900188 /* Base */ = {isa = PBXFileReference; lastKnownFileType = file.storyboard; name = Base; path = Base.lproj/Main.storyboard; sourceTree = "<group>"; };
		82ECBD0A21DD077800900188 /* Review.xcdatamodel */ = {isa = PBXFileReference; lastKnownFileType = wrapper.xcdatamodel; path = Review.xcdatamodel; sourceTree = "<group>"; };
		82ECBD0C21DD077900900188 /* Assets.xcassets */ = {isa = PBXFileReference; lastKnownFileType = folder.assetcatalog; path = Assets.xcassets; sourceTree = "<group>"; };
		82ECBD0F21DD077900900188 /* Base */ = {isa = PBXFileReference; lastKnownFileType = file.storyboard; name = Base; path = Base.lproj/LaunchScreen.storyboard; sourceTree = "<group>"; };
		82ECBD1121DD077900900188 /* Info.plist */ = {isa = PBXFileReference; lastKnownFileType = text.plist.xml; path = Info.plist; sourceTree = "<group>"; };
		82ECBD1921DD08F500900188 /* BaseReviewViewController.swift */ = {isa = PBXFileReference; lastKnownFileType = sourcecode.swift; path = BaseReviewViewController.swift; sourceTree = "<group>"; };
		82ECBD1B21DD095900900188 /* BaseReviewViewModel.swift */ = {isa = PBXFileReference; lastKnownFileType = sourcecode.swift; path = BaseReviewViewModel.swift; sourceTree = "<group>"; };
		82ECBD1E21DD147800900188 /* ReviewModel.swift */ = {isa = PBXFileReference; lastKnownFileType = sourcecode.swift; path = ReviewModel.swift; sourceTree = "<group>"; };
		82F9941E21E0BC33005A1706 /* PadReviewViewController.swift */ = {isa = PBXFileReference; lastKnownFileType = sourcecode.swift; path = PadReviewViewController.swift; sourceTree = "<group>"; };
/* End PBXFileReference section */

/* Begin PBXFrameworksBuildPhase section */
		82ECBCFC21DD077800900188 /* Frameworks */ = {
			isa = PBXFrameworksBuildPhase;
			buildActionMask = 2147483647;
			files = (
				A82B4C7B113BBEC13B1B823D /* Pods_Review.framework in Frameworks */,
			);
			runOnlyForDeploymentPostprocessing = 0;
		};
/* End PBXFrameworksBuildPhase section */

/* Begin PBXGroup section */
		73113C180381D5425071F74F /* Pods */ = {
			isa = PBXGroup;
			children = (
				0789AD96B4A45996EFCE8769 /* Pods-Review.debug.xcconfig */,
				12248069E4992839073F4CC7 /* Pods-Review.release.xcconfig */,
			);
			name = Pods;
			sourceTree = "<group>";
		};
		82766C4B21DF7E490048EFB9 /* Service */ = {
			isa = PBXGroup;
			children = (
				82766C4C21DF83F00048EFB9 /* ReviewService.swift */,
				827BE3EE21E8C8CE009E0517 /* AppSearchService.swift */,
			);
			path = Service;
			sourceTree = "<group>";
		};
		82766C5021DF92A50048EFB9 /* AppReviewViewController */ = {
			isa = PBXGroup;
			children = (
				82F9941E21E0BC33005A1706 /* PadReviewViewController.swift */,
				829965ED21E4F074004F2A14 /* PhoneViewController.swift */,
			);
			path = AppReviewViewController;
			sourceTree = "<group>";
		};
		82766C5921E046D20048EFB9 /* Setting */ = {
			isa = PBXGroup;
			children = (
				82766C5A21E046F10048EFB9 /* SettingViewController.swift */,
				82766C5C21E047140048EFB9 /* ConfigurationProvidor.swift */,
			);
			path = Setting;
			sourceTree = "<group>";
		};
		827BE3F021E8D3E0009E0517 /* ManageAppView */ = {
			isa = PBXGroup;
			children = (
				827BE3F121E8D3F8009E0517 /* AppListViewController.swift */,
				827BE3F321E8D538009E0517 /* AppListTableViewCell.swift */,
				827BE3F521E8D874009E0517 /* AppSearchViewController.swift */,
				827BE3F721E8DFFB009E0517 /* AppSearchViewModel.swift */,
				827BE3F921E8F04E009E0517 /* AppListTableView.swift */,
			);
			path = ManageAppView;
			sourceTree = "<group>";
		};
		829965EC21E4EB3E004F2A14 /* Factory */ = {
			isa = PBXGroup;
			children = (
				829965EA21E4EAB4004F2A14 /* ViewControllerFactory.swift */,
			);
			path = Factory;
			sourceTree = "<group>";
		};
		829965EF21E4F6AC004F2A14 /* Helper */ = {
			isa = PBXGroup;
			children = (
				829965F021E4F6CD004F2A14 /* AlertHelper.swift */,
			);
			path = Helper;
			sourceTree = "<group>";
		};
		82ECBCF621DD077700900188 = {
			isa = PBXGroup;
			children = (
				82ECBD0121DD077800900188 /* Review */,
				82ECBD0021DD077800900188 /* Products */,
				73113C180381D5425071F74F /* Pods */,
				EACA14358D398094B8EA5A21 /* Frameworks */,
			);
			sourceTree = "<group>";
		};
		82ECBD0021DD077800900188 /* Products */ = {
			isa = PBXGroup;
			children = (
				82ECBCFF21DD077800900188 /* Review.app */,
			);
			name = Products;
			sourceTree = "<group>";
		};
		82ECBD0121DD077800900188 /* Review */ = {
			isa = PBXGroup;
			children = (
				827BE3F021E8D3E0009E0517 /* ManageAppView */,
				829965EF21E4F6AC004F2A14 /* Helper */,
				829965EC21E4EB3E004F2A14 /* Factory */,
				82766C5921E046D20048EFB9 /* Setting */,
				82766C5021DF92A50048EFB9 /* AppReviewViewController */,
				82766C4B21DF7E490048EFB9 /* Service */,
				82ECBD1D21DD145B00900188 /* Models */,
				82ECBD1821DD08DA00900188 /* BaseReviewView */,
				82ECBD0221DD077800900188 /* AppDelegate.swift */,
				82ECBD0621DD077800900188 /* Main.storyboard */,
				82ECBD0C21DD077900900188 /* Assets.xcassets */,
				82ECBD0E21DD077900900188 /* LaunchScreen.storyboard */,
				82ECBD1121DD077900900188 /* Info.plist */,
				82ECBD0921DD077800900188 /* Review.xcdatamodeld */,
			);
			path = Review;
			sourceTree = "<group>";
		};
		82ECBD1821DD08DA00900188 /* BaseReviewView */ = {
			isa = PBXGroup;
			children = (
				82ECBD1921DD08F500900188 /* BaseReviewViewController.swift */,
				82ECBD1B21DD095900900188 /* BaseReviewViewModel.swift */,
				82766C5321DF96AD0048EFB9 /* BaseReviewTableView.swift */,
				82766C5521DF96BD0048EFB9 /* BaseReviewTableViewCell.swift */,
				829965E621E4E7BD004F2A14 /* BaseReviewView.swift */,
				829965E821E4E97C004F2A14 /* BaseReviewView.xib */,
			);
			path = BaseReviewView;
			sourceTree = "<group>";
		};
		82ECBD1D21DD145B00900188 /* Models */ = {
			isa = PBXGroup;
			children = (
				82ECBD1E21DD147800900188 /* ReviewModel.swift */,
				827BE3EC21E8C424009E0517 /* AppModel.swift */,
			);
			path = Models;
			sourceTree = "<group>";
		};
		EACA14358D398094B8EA5A21 /* Frameworks */ = {
			isa = PBXGroup;
			children = (
				46B6B1E82AA2991557B51F74 /* Pods_Review.framework */,
			);
			name = Frameworks;
			sourceTree = "<group>";
		};
/* End PBXGroup section */

/* Begin PBXNativeTarget section */
		82ECBCFE21DD077800900188 /* Review */ = {
			isa = PBXNativeTarget;
			buildConfigurationList = 82ECBD1421DD077900900188 /* Build configuration list for PBXNativeTarget "Review" */;
			buildPhases = (
				40D91214D6E3E91B143C8F12 /* [CP] Check Pods Manifest.lock */,
				82ECBCFB21DD077800900188 /* Sources */,
				82ECBCFC21DD077800900188 /* Frameworks */,
				82ECBCFD21DD077800900188 /* Resources */,
				94CFBBBE3567EEF9AD6C3CD6 /* [CP] Embed Pods Frameworks */,
			);
			buildRules = (
			);
			dependencies = (
			);
			name = Review;
			productName = Review;
			productReference = 82ECBCFF21DD077800900188 /* Review.app */;
			productType = "com.apple.product-type.application";
		};
/* End PBXNativeTarget section */

/* Begin PBXProject section */
		82ECBCF721DD077700900188 /* Project object */ = {
			isa = PBXProject;
			attributes = {
				LastSwiftUpdateCheck = 1000;
				LastUpgradeCheck = 1000;
				ORGANIZATIONNAME = Wenslow;
				TargetAttributes = {
					82ECBCFE21DD077800900188 = {
						CreatedOnToolsVersion = 10.0;
					};
				};
			};
			buildConfigurationList = 82ECBCFA21DD077700900188 /* Build configuration list for PBXProject "Review" */;
			compatibilityVersion = "Xcode 9.3";
			developmentRegion = en;
			hasScannedForEncodings = 0;
			knownRegions = (
				en,
				Base,
			);
			mainGroup = 82ECBCF621DD077700900188;
			productRefGroup = 82ECBD0021DD077800900188 /* Products */;
			projectDirPath = "";
			projectRoot = "";
			targets = (
				82ECBCFE21DD077800900188 /* Review */,
			);
		};
/* End PBXProject section */

/* Begin PBXResourcesBuildPhase section */
		82ECBCFD21DD077800900188 /* Resources */ = {
			isa = PBXResourcesBuildPhase;
			buildActionMask = 2147483647;
			files = (
				82ECBD1021DD077900900188 /* LaunchScreen.storyboard in Resources */,
				82ECBD0D21DD077900900188 /* Assets.xcassets in Resources */,
				82ECBD0821DD077800900188 /* Main.storyboard in Resources */,
				829965E921E4E97C004F2A14 /* BaseReviewView.xib in Resources */,
			);
			runOnlyForDeploymentPostprocessing = 0;
		};
/* End PBXResourcesBuildPhase section */

/* Begin PBXShellScriptBuildPhase section */
		40D91214D6E3E91B143C8F12 /* [CP] Check Pods Manifest.lock */ = {
			isa = PBXShellScriptBuildPhase;
			buildActionMask = 2147483647;
			files = (
			);
			inputPaths = (
				"${PODS_PODFILE_DIR_PATH}/Podfile.lock",
				"${PODS_ROOT}/Manifest.lock",
			);
			name = "[CP] Check Pods Manifest.lock";
			outputPaths = (
				"$(DERIVED_FILE_DIR)/Pods-Review-checkManifestLockResult.txt",
			);
			runOnlyForDeploymentPostprocessing = 0;
			shellPath = /bin/sh;
			shellScript = "diff \"${PODS_PODFILE_DIR_PATH}/Podfile.lock\" \"${PODS_ROOT}/Manifest.lock\" > /dev/null\nif [ $? != 0 ] ; then\n    # print error to STDERR\n    echo \"error: The sandbox is not in sync with the Podfile.lock. Run 'pod install' or update your CocoaPods installation.\" >&2\n    exit 1\nfi\n# This output is used by Xcode 'outputs' to avoid re-running this script phase.\necho \"SUCCESS\" > \"${SCRIPT_OUTPUT_FILE_0}\"\n";
			showEnvVarsInLog = 0;
		};
		94CFBBBE3567EEF9AD6C3CD6 /* [CP] Embed Pods Frameworks */ = {
			isa = PBXShellScriptBuildPhase;
			buildActionMask = 2147483647;
			files = (
			);
			inputPaths = (
				"${SRCROOT}/Pods/Target Support Files/Pods-Review/Pods-Review-frameworks.sh",
				"${BUILT_PRODUCTS_DIR}/Alamofire/Alamofire.framework",
				"${BUILT_PRODUCTS_DIR}/Cosmos/Cosmos.framework",
				"${BUILT_PRODUCTS_DIR}/Kingfisher/Kingfisher.framework",
				"${BUILT_PRODUCTS_DIR}/RxCocoa/RxCocoa.framework",
				"${BUILT_PRODUCTS_DIR}/RxSwift/RxSwift.framework",
				"${BUILT_PRODUCTS_DIR}/SnapKit/SnapKit.framework",
			);
			name = "[CP] Embed Pods Frameworks";
			outputPaths = (
				"${TARGET_BUILD_DIR}/${FRAMEWORKS_FOLDER_PATH}/Alamofire.framework",
				"${TARGET_BUILD_DIR}/${FRAMEWORKS_FOLDER_PATH}/Cosmos.framework",
				"${TARGET_BUILD_DIR}/${FRAMEWORKS_FOLDER_PATH}/Kingfisher.framework",
				"${TARGET_BUILD_DIR}/${FRAMEWORKS_FOLDER_PATH}/RxCocoa.framework",
				"${TARGET_BUILD_DIR}/${FRAMEWORKS_FOLDER_PATH}/RxSwift.framework",
				"${TARGET_BUILD_DIR}/${FRAMEWORKS_FOLDER_PATH}/SnapKit.framework",
			);
			runOnlyForDeploymentPostprocessing = 0;
			shellPath = /bin/sh;
			shellScript = "\"${SRCROOT}/Pods/Target Support Files/Pods-Review/Pods-Review-frameworks.sh\"\n";
			showEnvVarsInLog = 0;
		};
/* End PBXShellScriptBuildPhase section */

/* Begin PBXSourcesBuildPhase section */
		82ECBCFB21DD077800900188 /* Sources */ = {
			isa = PBXSourcesBuildPhase;
			buildActionMask = 2147483647;
			files = (
				82ECBD0B21DD077800900188 /* Review.xcdatamodeld in Sources */,
				82766C5B21E046F10048EFB9 /* SettingViewController.swift in Sources */,
				82766C5421DF96AD0048EFB9 /* BaseReviewTableView.swift in Sources */,
				82F9941F21E0BC33005A1706 /* PadReviewViewController.swift in Sources */,
				82766C5621DF96BD0048EFB9 /* BaseReviewTableViewCell.swift in Sources */,
				827BE3F421E8D538009E0517 /* AppListTableViewCell.swift in Sources */,
				829965EB21E4EAB4004F2A14 /* ViewControllerFactory.swift in Sources */,
				829965E721E4E7BD004F2A14 /* BaseReviewView.swift in Sources */,
				82766C4D21DF83F00048EFB9 /* ReviewService.swift in Sources */,
				827BE3F221E8D3F8009E0517 /* AppListViewController.swift in Sources */,
				82ECBD1C21DD095900900188 /* BaseReviewViewModel.swift in Sources */,
				827BE3FA21E8F04E009E0517 /* AppListTableView.swift in Sources */,
				82766C5D21E047140048EFB9 /* ConfigurationProvidor.swift in Sources */,
				82ECBD1A21DD08F500900188 /* BaseReviewViewController.swift in Sources */,
				827BE3ED21E8C424009E0517 /* AppModel.swift in Sources */,
				82ECBD0321DD077800900188 /* AppDelegate.swift in Sources */,
				829965F121E4F6CD004F2A14 /* AlertHelper.swift in Sources */,
				82ECBD1F21DD147800900188 /* ReviewModel.swift in Sources */,
				827BE3EF21E8C8CE009E0517 /* AppSearchService.swift in Sources */,
				827BE3F621E8D874009E0517 /* AppSearchViewController.swift in Sources */,
				829965EE21E4F074004F2A14 /* PhoneViewController.swift in Sources */,
				827BE3F821E8DFFB009E0517 /* AppSearchViewModel.swift in Sources */,
			);
			runOnlyForDeploymentPostprocessing = 0;
		};
/* End PBXSourcesBuildPhase section */

/* Begin PBXVariantGroup section */
		82ECBD0621DD077800900188 /* Main.storyboard */ = {
			isa = PBXVariantGroup;
			children = (
				82ECBD0721DD077800900188 /* Base */,
			);
			name = Main.storyboard;
			sourceTree = "<group>";
		};
		82ECBD0E21DD077900900188 /* LaunchScreen.storyboard */ = {
			isa = PBXVariantGroup;
			children = (
				82ECBD0F21DD077900900188 /* Base */,
			);
			name = LaunchScreen.storyboard;
			sourceTree = "<group>";
		};
/* End PBXVariantGroup section */

/* Begin XCBuildConfiguration section */
		82ECBD1221DD077900900188 /* Debug */ = {
			isa = XCBuildConfiguration;
			buildSettings = {
				ALWAYS_SEARCH_USER_PATHS = NO;
				CLANG_ANALYZER_NONNULL = YES;
				CLANG_ANALYZER_NUMBER_OBJECT_CONVERSION = YES_AGGRESSIVE;
				CLANG_CXX_LANGUAGE_STANDARD = "gnu++14";
				CLANG_CXX_LIBRARY = "libc++";
				CLANG_ENABLE_MODULES = YES;
				CLANG_ENABLE_OBJC_ARC = YES;
				CLANG_ENABLE_OBJC_WEAK = YES;
				CLANG_WARN_BLOCK_CAPTURE_AUTORELEASING = YES;
				CLANG_WARN_BOOL_CONVERSION = YES;
				CLANG_WARN_COMMA = YES;
				CLANG_WARN_CONSTANT_CONVERSION = YES;
				CLANG_WARN_DEPRECATED_OBJC_IMPLEMENTATIONS = YES;
				CLANG_WARN_DIRECT_OBJC_ISA_USAGE = YES_ERROR;
				CLANG_WARN_DOCUMENTATION_COMMENTS = YES;
				CLANG_WARN_EMPTY_BODY = YES;
				CLANG_WARN_ENUM_CONVERSION = YES;
				CLANG_WARN_INFINITE_RECURSION = YES;
				CLANG_WARN_INT_CONVERSION = YES;
				CLANG_WARN_NON_LITERAL_NULL_CONVERSION = YES;
				CLANG_WARN_OBJC_IMPLICIT_RETAIN_SELF = YES;
				CLANG_WARN_OBJC_LITERAL_CONVERSION = YES;
				CLANG_WARN_OBJC_ROOT_CLASS = YES_ERROR;
				CLANG_WARN_RANGE_LOOP_ANALYSIS = YES;
				CLANG_WARN_STRICT_PROTOTYPES = YES;
				CLANG_WARN_SUSPICIOUS_MOVE = YES;
				CLANG_WARN_UNGUARDED_AVAILABILITY = YES_AGGRESSIVE;
				CLANG_WARN_UNREACHABLE_CODE = YES;
				CLANG_WARN__DUPLICATE_METHOD_MATCH = YES;
				CODE_SIGN_IDENTITY = "iPhone Developer";
				COPY_PHASE_STRIP = NO;
				DEBUG_INFORMATION_FORMAT = dwarf;
				ENABLE_STRICT_OBJC_MSGSEND = YES;
				ENABLE_TESTABILITY = YES;
				GCC_C_LANGUAGE_STANDARD = gnu11;
				GCC_DYNAMIC_NO_PIC = NO;
				GCC_NO_COMMON_BLOCKS = YES;
				GCC_OPTIMIZATION_LEVEL = 0;
				GCC_PREPROCESSOR_DEFINITIONS = (
					"DEBUG=1",
					"$(inherited)",
				);
				GCC_WARN_64_TO_32_BIT_CONVERSION = YES;
				GCC_WARN_ABOUT_RETURN_TYPE = YES_ERROR;
				GCC_WARN_UNDECLARED_SELECTOR = YES;
				GCC_WARN_UNINITIALIZED_AUTOS = YES_AGGRESSIVE;
				GCC_WARN_UNUSED_FUNCTION = YES;
				GCC_WARN_UNUSED_VARIABLE = YES;
				IPHONEOS_DEPLOYMENT_TARGET = 12.0;
				MTL_ENABLE_DEBUG_INFO = INCLUDE_SOURCE;
				MTL_FAST_MATH = YES;
				ONLY_ACTIVE_ARCH = YES;
				SDKROOT = iphoneos;
				SWIFT_ACTIVE_COMPILATION_CONDITIONS = DEBUG;
				SWIFT_OPTIMIZATION_LEVEL = "-Onone";
			};
			name = Debug;
		};
		82ECBD1321DD077900900188 /* Release */ = {
			isa = XCBuildConfiguration;
			buildSettings = {
				ALWAYS_SEARCH_USER_PATHS = NO;
				CLANG_ANALYZER_NONNULL = YES;
				CLANG_ANALYZER_NUMBER_OBJECT_CONVERSION = YES_AGGRESSIVE;
				CLANG_CXX_LANGUAGE_STANDARD = "gnu++14";
				CLANG_CXX_LIBRARY = "libc++";
				CLANG_ENABLE_MODULES = YES;
				CLANG_ENABLE_OBJC_ARC = YES;
				CLANG_ENABLE_OBJC_WEAK = YES;
				CLANG_WARN_BLOCK_CAPTURE_AUTORELEASING = YES;
				CLANG_WARN_BOOL_CONVERSION = YES;
				CLANG_WARN_COMMA = YES;
				CLANG_WARN_CONSTANT_CONVERSION = YES;
				CLANG_WARN_DEPRECATED_OBJC_IMPLEMENTATIONS = YES;
				CLANG_WARN_DIRECT_OBJC_ISA_USAGE = YES_ERROR;
				CLANG_WARN_DOCUMENTATION_COMMENTS = YES;
				CLANG_WARN_EMPTY_BODY = YES;
				CLANG_WARN_ENUM_CONVERSION = YES;
				CLANG_WARN_INFINITE_RECURSION = YES;
				CLANG_WARN_INT_CONVERSION = YES;
				CLANG_WARN_NON_LITERAL_NULL_CONVERSION = YES;
				CLANG_WARN_OBJC_IMPLICIT_RETAIN_SELF = YES;
				CLANG_WARN_OBJC_LITERAL_CONVERSION = YES;
				CLANG_WARN_OBJC_ROOT_CLASS = YES_ERROR;
				CLANG_WARN_RANGE_LOOP_ANALYSIS = YES;
				CLANG_WARN_STRICT_PROTOTYPES = YES;
				CLANG_WARN_SUSPICIOUS_MOVE = YES;
				CLANG_WARN_UNGUARDED_AVAILABILITY = YES_AGGRESSIVE;
				CLANG_WARN_UNREACHABLE_CODE = YES;
				CLANG_WARN__DUPLICATE_METHOD_MATCH = YES;
				CODE_SIGN_IDENTITY = "iPhone Developer";
				COPY_PHASE_STRIP = NO;
				DEBUG_INFORMATION_FORMAT = "dwarf-with-dsym";
				ENABLE_NS_ASSERTIONS = NO;
				ENABLE_STRICT_OBJC_MSGSEND = YES;
				GCC_C_LANGUAGE_STANDARD = gnu11;
				GCC_NO_COMMON_BLOCKS = YES;
				GCC_WARN_64_TO_32_BIT_CONVERSION = YES;
				GCC_WARN_ABOUT_RETURN_TYPE = YES_ERROR;
				GCC_WARN_UNDECLARED_SELECTOR = YES;
				GCC_WARN_UNINITIALIZED_AUTOS = YES_AGGRESSIVE;
				GCC_WARN_UNUSED_FUNCTION = YES;
				GCC_WARN_UNUSED_VARIABLE = YES;
				IPHONEOS_DEPLOYMENT_TARGET = 12.0;
				MTL_ENABLE_DEBUG_INFO = NO;
				MTL_FAST_MATH = YES;
				SDKROOT = iphoneos;
				SWIFT_COMPILATION_MODE = wholemodule;
				SWIFT_OPTIMIZATION_LEVEL = "-O";
				VALIDATE_PRODUCT = YES;
			};
			name = Release;
		};
		82ECBD1521DD077900900188 /* Debug */ = {
			isa = XCBuildConfiguration;
			baseConfigurationReference = 0789AD96B4A45996EFCE8769 /* Pods-Review.debug.xcconfig */;
			buildSettings = {
				ASSETCATALOG_COMPILER_APPICON_NAME = AppIcon;
				CODE_SIGN_STYLE = Automatic;
				DEVELOPMENT_TEAM = 2A6G2N9N43;
				INFOPLIST_FILE = Review/Info.plist;
				IPHONEOS_DEPLOYMENT_TARGET = 11.0;
				LD_RUNPATH_SEARCH_PATHS = (
					"$(inherited)",
					"@executable_path/Frameworks",
				);
				PRODUCT_BUNDLE_IDENTIFIER = com.wz.Review;
				PRODUCT_NAME = "$(TARGET_NAME)";
				SWIFT_VERSION = 4.2;
				TARGETED_DEVICE_FAMILY = "1,2";
			};
			name = Debug;
		};
		82ECBD1621DD077900900188 /* Release */ = {
			isa = XCBuildConfiguration;
			baseConfigurationReference = 12248069E4992839073F4CC7 /* Pods-Review.release.xcconfig */;
			buildSettings = {
				ASSETCATALOG_COMPILER_APPICON_NAME = AppIcon;
				CODE_SIGN_STYLE = Automatic;
				DEVELOPMENT_TEAM = 2A6G2N9N43;
				INFOPLIST_FILE = Review/Info.plist;
				IPHONEOS_DEPLOYMENT_TARGET = 11.0;
				LD_RUNPATH_SEARCH_PATHS = (
					"$(inherited)",
					"@executable_path/Frameworks",
				);
				PRODUCT_BUNDLE_IDENTIFIER = com.wz.Review;
				PRODUCT_NAME = "$(TARGET_NAME)";
				SWIFT_VERSION = 4.2;
				TARGETED_DEVICE_FAMILY = "1,2";
			};
			name = Release;
		};
/* End XCBuildConfiguration section */

/* Begin XCConfigurationList section */
		82ECBCFA21DD077700900188 /* Build configuration list for PBXProject "Review" */ = {
			isa = XCConfigurationList;
			buildConfigurations = (
				82ECBD1221DD077900900188 /* Debug */,
				82ECBD1321DD077900900188 /* Release */,
			);
			defaultConfigurationIsVisible = 0;
			defaultConfigurationName = Release;
		};
		82ECBD1421DD077900900188 /* Build configuration list for PBXNativeTarget "Review" */ = {
			isa = XCConfigurationList;
			buildConfigurations = (
				82ECBD1521DD077900900188 /* Debug */,
				82ECBD1621DD077900900188 /* Release */,
			);
			defaultConfigurationIsVisible = 0;
			defaultConfigurationName = Release;
		};
/* End XCConfigurationList section */

/* Begin XCVersionGroup section */
		82ECBD0921DD077800900188 /* Review.xcdatamodeld */ = {
			isa = XCVersionGroup;
			children = (
				82ECBD0A21DD077800900188 /* Review.xcdatamodel */,
			);
			currentVersion = 82ECBD0A21DD077800900188 /* Review.xcdatamodel */;
			path = Review.xcdatamodeld;
			sourceTree = "<group>";
			versionGroupType = wrapper.xcdatamodel;
		};
/* End XCVersionGroup section */
	};
	rootObject = 82ECBCF721DD077700900188 /* Project object */;
}
