// !$*UTF8*$!
{
	archiveVersion = 1;
	classes = {
	};
	objectVersion = 50;
	objects = {

/* Begin PBXBuildFile section */
		3BAB877222F8797F00B0CABD /* AppStoreReviewAPILayer.framework in Frameworks */ = {isa = PBXBuildFile; fileRef = 3BAB876822F8797E00B0CABD /* AppStoreReviewAPILayer.framework */; };
		3BAB877722F8797F00B0CABD /* AppStoreReviewAPILayerTests.swift in Sources */ = {isa = PBXBuildFile; fileRef = 3BAB877622F8797F00B0CABD /* AppStoreReviewAPILayerTests.swift */; };
		3BAB877922F8797F00B0CABD /* AppStoreReviewAPILayer.h in Headers */ = {isa = PBXBuildFile; fileRef = 3BAB876B22F8797E00B0CABD /* AppStoreReviewAPILayer.h */; settings = {ATTRIBUTES = (Public, ); }; };
		3BAB878822F8799500B0CABD /* ReviewSearchResult.swift in Sources */ = {isa = PBXBuildFile; fileRef = 3BAB878322F8799500B0CABD /* ReviewSearchResult.swift */; };
		3BAB878922F8799500B0CABD /* AppSearchResult.swift in Sources */ = {isa = PBXBuildFile; fileRef = 3BAB878422F8799500B0CABD /* AppSearchResult.swift */; };
		3BAB878A22F8799500B0CABD /* AppSearchAPIService.swift in Sources */ = {isa = PBXBuildFile; fileRef = 3BAB878622F8799500B0CABD /* AppSearchAPIService.swift */; };
		3BAB878B22F8799500B0CABD /* ReviewAPIService.swift in Sources */ = {isa = PBXBuildFile; fileRef = 3BAB878722F8799500B0CABD /* ReviewAPIService.swift */; };
		3BAB87B022F87C0600B0CABD /* AppStoreReviewAPILayerFactory.swift in Sources */ = {isa = PBXBuildFile; fileRef = 3BAB87AF22F87C0600B0CABD /* AppStoreReviewAPILayerFactory.swift */; };
/* End PBXBuildFile section */

/* Begin PBXContainerItemProxy section */
		3BAB877322F8797F00B0CABD /* PBXContainerItemProxy */ = {
			isa = PBXContainerItemProxy;
			containerPortal = 3BAB875F22F8797E00B0CABD /* Project object */;
			proxyType = 1;
			remoteGlobalIDString = 3BAB876722F8797E00B0CABD;
			remoteInfo = AppStoreReviewAPILayer;
		};
		3BAB879222F87A2600B0CABD /* PBXContainerItemProxy */ = {
			isa = PBXContainerItemProxy;
			containerPortal = 3BAB878D22F87A2600B0CABD /* ReviewHelperKit.xcodeproj */;
			proxyType = 2;
			remoteGlobalIDString = 3B13D1E922F7D9D000FE6107;
			remoteInfo = ReviewHelperKit;
		};
		3BAB879422F87A2600B0CABD /* PBXContainerItemProxy */ = {
			isa = PBXContainerItemProxy;
			containerPortal = 3BAB878D22F87A2600B0CABD /* ReviewHelperKit.xcodeproj */;
			proxyType = 2;
			remoteGlobalIDString = 3B13D1F222F7D9D000FE6107;
			remoteInfo = ReviewHelperKitTests;
		};
		3BAB879622F87A2B00B0CABD /* PBXContainerItemProxy */ = {
			isa = PBXContainerItemProxy;
			containerPortal = 3BAB878D22F87A2600B0CABD /* ReviewHelperKit.xcodeproj */;
			proxyType = 1;
			remoteGlobalIDString = 3B13D1E822F7D9D000FE6107;
			remoteInfo = ReviewHelperKit;
		};
/* End PBXContainerItemProxy section */

/* Begin PBXFileReference section */
		3BAB876822F8797E00B0CABD /* AppStoreReviewAPILayer.framework */ = {isa = PBXFileReference; explicitFileType = wrapper.framework; includeInIndex = 0; path = AppStoreReviewAPILayer.framework; sourceTree = BUILT_PRODUCTS_DIR; };
		3BAB876B22F8797E00B0CABD /* AppStoreReviewAPILayer.h */ = {isa = PBXFileReference; lastKnownFileType = sourcecode.c.h; path = AppStoreReviewAPILayer.h; sourceTree = "<group>"; };
		3BAB876C22F8797E00B0CABD /* Info.plist */ = {isa = PBXFileReference; lastKnownFileType = text.plist.xml; path = Info.plist; sourceTree = "<group>"; };
		3BAB877122F8797F00B0CABD /* AppStoreReviewAPILayerTests.xctest */ = {isa = PBXFileReference; explicitFileType = wrapper.cfbundle; includeInIndex = 0; path = AppStoreReviewAPILayerTests.xctest; sourceTree = BUILT_PRODUCTS_DIR; };
		3BAB877622F8797F00B0CABD /* AppStoreReviewAPILayerTests.swift */ = {isa = PBXFileReference; lastKnownFileType = sourcecode.swift; path = AppStoreReviewAPILayerTests.swift; sourceTree = "<group>"; };
		3BAB877822F8797F00B0CABD /* Info.plist */ = {isa = PBXFileReference; lastKnownFileType = text.plist.xml; path = Info.plist; sourceTree = "<group>"; };
		3BAB878322F8799500B0CABD /* ReviewSearchResult.swift */ = {isa = PBXFileReference; fileEncoding = 4; lastKnownFileType = sourcecode.swift; path = ReviewSearchResult.swift; sourceTree = "<group>"; };
		3BAB878422F8799500B0CABD /* AppSearchResult.swift */ = {isa = PBXFileReference; fileEncoding = 4; lastKnownFileType = sourcecode.swift; path = AppSearchResult.swift; sourceTree = "<group>"; };
		3BAB878622F8799500B0CABD /* AppSearchAPIService.swift */ = {isa = PBXFileReference; fileEncoding = 4; lastKnownFileType = sourcecode.swift; path = AppSearchAPIService.swift; sourceTree = "<group>"; };
		3BAB878722F8799500B0CABD /* ReviewAPIService.swift */ = {isa = PBXFileReference; fileEncoding = 4; lastKnownFileType = sourcecode.swift; path = ReviewAPIService.swift; sourceTree = "<group>"; };
		3BAB878D22F87A2600B0CABD /* ReviewHelperKit.xcodeproj */ = {isa = PBXFileReference; lastKnownFileType = "wrapper.pb-project"; name = ReviewHelperKit.xcodeproj; path = ../ReviewHelperKit/ReviewHelperKit.xcodeproj; sourceTree = "<group>"; };
		3BAB87AF22F87C0600B0CABD /* AppStoreReviewAPILayerFactory.swift */ = {isa = PBXFileReference; fileEncoding = 4; lastKnownFileType = sourcecode.swift; path = AppStoreReviewAPILayerFactory.swift; sourceTree = "<group>"; };
/* End PBXFileReference section */

/* Begin PBXFrameworksBuildPhase section */
		3BAB876522F8797E00B0CABD /* Frameworks */ = {
			isa = PBXFrameworksBuildPhase;
			buildActionMask = 2147483647;
			files = (
			);
			runOnlyForDeploymentPostprocessing = 0;
		};
		3BAB876E22F8797F00B0CABD /* Frameworks */ = {
			isa = PBXFrameworksBuildPhase;
			buildActionMask = 2147483647;
			files = (
				3BAB877222F8797F00B0CABD /* AppStoreReviewAPILayer.framework in Frameworks */,
			);
			runOnlyForDeploymentPostprocessing = 0;
		};
/* End PBXFrameworksBuildPhase section */

/* Begin PBXGroup section */
		3BAB875E22F8797E00B0CABD = {
			isa = PBXGroup;
			children = (
				3BAB878C22F87A1D00B0CABD /* Dependency */,
				3BAB876A22F8797E00B0CABD /* AppStoreReviewAPILayer */,
				3BAB877522F8797F00B0CABD /* AppStoreReviewAPILayerTests */,
				3BAB876922F8797E00B0CABD /* Products */,
			);
			sourceTree = "<group>";
		};
		3BAB876922F8797E00B0CABD /* Products */ = {
			isa = PBXGroup;
			children = (
				3BAB876822F8797E00B0CABD /* AppStoreReviewAPILayer.framework */,
				3BAB877122F8797F00B0CABD /* AppStoreReviewAPILayerTests.xctest */,
			);
			name = Products;
			sourceTree = "<group>";
		};
		3BAB876A22F8797E00B0CABD /* AppStoreReviewAPILayer */ = {
			isa = PBXGroup;
			children = (
				3BAB87AF22F87C0600B0CABD /* AppStoreReviewAPILayerFactory.swift */,
				3BAB878222F8799500B0CABD /* Response */,
				3BAB878522F8799500B0CABD /* API */,
				3BAB876B22F8797E00B0CABD /* AppStoreReviewAPILayer.h */,
				3BAB876C22F8797E00B0CABD /* Info.plist */,
			);
			path = AppStoreReviewAPILayer;
			sourceTree = "<group>";
		};
		3BAB877522F8797F00B0CABD /* AppStoreReviewAPILayerTests */ = {
			isa = PBXGroup;
			children = (
				3BAB877622F8797F00B0CABD /* AppStoreReviewAPILayerTests.swift */,
				3BAB877822F8797F00B0CABD /* Info.plist */,
			);
			path = AppStoreReviewAPILayerTests;
			sourceTree = "<group>";
		};
		3BAB878222F8799500B0CABD /* Response */ = {
			isa = PBXGroup;
			children = (
				3BAB878322F8799500B0CABD /* ReviewSearchResult.swift */,
				3BAB878422F8799500B0CABD /* AppSearchResult.swift */,
			);
			path = Response;
			sourceTree = "<group>";
		};
		3BAB878522F8799500B0CABD /* API */ = {
			isa = PBXGroup;
			children = (
				3BAB878622F8799500B0CABD /* AppSearchAPIService.swift */,
				3BAB878722F8799500B0CABD /* ReviewAPIService.swift */,
			);
			path = API;
			sourceTree = "<group>";
		};
		3BAB878C22F87A1D00B0CABD /* Dependency */ = {
			isa = PBXGroup;
			children = (
				3BAB878D22F87A2600B0CABD /* ReviewHelperKit.xcodeproj */,
			);
			name = Dependency;
			sourceTree = "<group>";
		};
		3BAB878E22F87A2600B0CABD /* Products */ = {
			isa = PBXGroup;
			children = (
				3BAB879322F87A2600B0CABD /* ReviewHelperKit.framework */,
				3BAB879522F87A2600B0CABD /* ReviewHelperKitTests.xctest */,
			);
			name = Products;
			sourceTree = "<group>";
		};
/* End PBXGroup section */

/* Begin PBXHeadersBuildPhase section */
		3BAB876322F8797E00B0CABD /* Headers */ = {
			isa = PBXHeadersBuildPhase;
			buildActionMask = 2147483647;
			files = (
				3BAB877922F8797F00B0CABD /* AppStoreReviewAPILayer.h in Headers */,
			);
			runOnlyForDeploymentPostprocessing = 0;
		};
/* End PBXHeadersBuildPhase section */

/* Begin PBXNativeTarget section */
		3BAB876722F8797E00B0CABD /* AppStoreReviewAPILayer */ = {
			isa = PBXNativeTarget;
			buildConfigurationList = 3BAB877C22F8797F00B0CABD /* Build configuration list for PBXNativeTarget "AppStoreReviewAPILayer" */;
			buildPhases = (
				3BAB876322F8797E00B0CABD /* Headers */,
				3BAB876422F8797E00B0CABD /* Sources */,
				3BAB876522F8797E00B0CABD /* Frameworks */,
				3BAB876622F8797E00B0CABD /* Resources */,
			);
			buildRules = (
			);
			dependencies = (
				3BAB879722F87A2B00B0CABD /* PBXTargetDependency */,
			);
			name = AppStoreReviewAPILayer;
			productName = AppStoreReviewAPILayer;
			productReference = 3BAB876822F8797E00B0CABD /* AppStoreReviewAPILayer.framework */;
			productType = "com.apple.product-type.framework";
		};
		3BAB877022F8797F00B0CABD /* AppStoreReviewAPILayerTests */ = {
			isa = PBXNativeTarget;
			buildConfigurationList = 3BAB877F22F8797F00B0CABD /* Build configuration list for PBXNativeTarget "AppStoreReviewAPILayerTests" */;
			buildPhases = (
				3BAB876D22F8797F00B0CABD /* Sources */,
				3BAB876E22F8797F00B0CABD /* Frameworks */,
				3BAB876F22F8797F00B0CABD /* Resources */,
			);
			buildRules = (
			);
			dependencies = (
				3BAB877422F8797F00B0CABD /* PBXTargetDependency */,
			);
			name = AppStoreReviewAPILayerTests;
			productName = AppStoreReviewAPILayerTests;
			productReference = 3BAB877122F8797F00B0CABD /* AppStoreReviewAPILayerTests.xctest */;
			productType = "com.apple.product-type.bundle.unit-test";
		};
/* End PBXNativeTarget section */

/* Begin PBXProject section */
		3BAB875F22F8797E00B0CABD /* Project object */ = {
			isa = PBXProject;
			attributes = {
				LastSwiftUpdateCheck = 1020;
				LastUpgradeCheck = 1020;
				ORGANIZATIONNAME = "朱廷";
				TargetAttributes = {
					3BAB876722F8797E00B0CABD = {
						CreatedOnToolsVersion = 10.2.1;
					};
					3BAB877022F8797F00B0CABD = {
						CreatedOnToolsVersion = 10.2.1;
					};
				};
			};
			buildConfigurationList = 3BAB876222F8797E00B0CABD /* Build configuration list for PBXProject "AppStoreReviewAPILayer" */;
			compatibilityVersion = "Xcode 9.3";
			developmentRegion = en;
			hasScannedForEncodings = 0;
			knownRegions = (
				en,
			);
			mainGroup = 3BAB875E22F8797E00B0CABD;
			productRefGroup = 3BAB876922F8797E00B0CABD /* Products */;
			projectDirPath = "";
			projectReferences = (
				{
					ProductGroup = 3BAB878E22F87A2600B0CABD /* Products */;
					ProjectRef = 3BAB878D22F87A2600B0CABD /* ReviewHelperKit.xcodeproj */;
				},
			);
			projectRoot = "";
			targets = (
				3BAB876722F8797E00B0CABD /* AppStoreReviewAPILayer */,
				3BAB877022F8797F00B0CABD /* AppStoreReviewAPILayerTests */,
			);
		};
/* End PBXProject section */

/* Begin PBXReferenceProxy section */
		3BAB879322F87A2600B0CABD /* ReviewHelperKit.framework */ = {
			isa = PBXReferenceProxy;
			fileType = wrapper.framework;
			path = ReviewHelperKit.framework;
			remoteRef = 3BAB879222F87A2600B0CABD /* PBXContainerItemProxy */;
			sourceTree = BUILT_PRODUCTS_DIR;
		};
		3BAB879522F87A2600B0CABD /* ReviewHelperKitTests.xctest */ = {
			isa = PBXReferenceProxy;
			fileType = wrapper.cfbundle;
			path = ReviewHelperKitTests.xctest;
			remoteRef = 3BAB879422F87A2600B0CABD /* PBXContainerItemProxy */;
			sourceTree = BUILT_PRODUCTS_DIR;
		};
/* End PBXReferenceProxy section */

/* Begin PBXResourcesBuildPhase section */
		3BAB876622F8797E00B0CABD /* Resources */ = {
			isa = PBXResourcesBuildPhase;
			buildActionMask = 2147483647;
			files = (
			);
			runOnlyForDeploymentPostprocessing = 0;
		};
		3BAB876F22F8797F00B0CABD /* Resources */ = {
			isa = PBXResourcesBuildPhase;
			buildActionMask = 2147483647;
			files = (
			);
			runOnlyForDeploymentPostprocessing = 0;
		};
/* End PBXResourcesBuildPhase section */

/* Begin PBXSourcesBuildPhase section */
		3BAB876422F8797E00B0CABD /* Sources */ = {
			isa = PBXSourcesBuildPhase;
			buildActionMask = 2147483647;
			files = (
				3BAB878A22F8799500B0CABD /* AppSearchAPIService.swift in Sources */,
				3BAB87B022F87C0600B0CABD /* AppStoreReviewAPILayerFactory.swift in Sources */,
				3BAB878B22F8799500B0CABD /* ReviewAPIService.swift in Sources */,
				3BAB878822F8799500B0CABD /* ReviewSearchResult.swift in Sources */,
				3BAB878922F8799500B0CABD /* AppSearchResult.swift in Sources */,
			);
			runOnlyForDeploymentPostprocessing = 0;
		};
		3BAB876D22F8797F00B0CABD /* Sources */ = {
			isa = PBXSourcesBuildPhase;
			buildActionMask = 2147483647;
			files = (
				3BAB877722F8797F00B0CABD /* AppStoreReviewAPILayerTests.swift in Sources */,
			);
			runOnlyForDeploymentPostprocessing = 0;
		};
/* End PBXSourcesBuildPhase section */

/* Begin PBXTargetDependency section */
		3BAB877422F8797F00B0CABD /* PBXTargetDependency */ = {
			isa = PBXTargetDependency;
			target = 3BAB876722F8797E00B0CABD /* AppStoreReviewAPILayer */;
			targetProxy = 3BAB877322F8797F00B0CABD /* PBXContainerItemProxy */;
		};
		3BAB879722F87A2B00B0CABD /* PBXTargetDependency */ = {
			isa = PBXTargetDependency;
			name = ReviewHelperKit;
			targetProxy = 3BAB879622F87A2B00B0CABD /* PBXContainerItemProxy */;
		};
/* End PBXTargetDependency section */

/* Begin XCBuildConfiguration section */
		3BAB877A22F8797F00B0CABD /* Debug */ = {
			isa = XCBuildConfiguration;
			buildSettings = {
				ALWAYS_SEARCH_USER_PATHS = NO;
				CLANG_ANALYZER_NONNULL = YES;
				CLANG_ANALYZER_NUMBER_OBJECT_CONVERSION = YES_AGGRESSIVE;
				CLANG_CXX_LANGUAGE_STANDARD = "gnu++14";
				CLANG_CXX_LIBRARY = "libc++";
				CLANG_ENABLE_MODULES = YES;
				CLANG_ENABLE_OBJC_ARC = YES;
				CLANG_ENABLE_OBJC_WEAK = YES;
				CLANG_WARN_BLOCK_CAPTURE_AUTORELEASING = YES;
				CLANG_WARN_BOOL_CONVERSION = YES;
				CLANG_WARN_COMMA = YES;
				CLANG_WARN_CONSTANT_CONVERSION = YES;
				CLANG_WARN_DEPRECATED_OBJC_IMPLEMENTATIONS = YES;
				CLANG_WARN_DIRECT_OBJC_ISA_USAGE = YES_ERROR;
				CLANG_WARN_DOCUMENTATION_COMMENTS = YES;
				CLANG_WARN_EMPTY_BODY = YES;
				CLANG_WARN_ENUM_CONVERSION = YES;
				CLANG_WARN_INFINITE_RECURSION = YES;
				CLANG_WARN_INT_CONVERSION = YES;
				CLANG_WARN_NON_LITERAL_NULL_CONVERSION = YES;
				CLANG_WARN_OBJC_IMPLICIT_RETAIN_SELF = YES;
				CLANG_WARN_OBJC_LITERAL_CONVERSION = YES;
				CLANG_WARN_OBJC_ROOT_CLASS = YES_ERROR;
				CLANG_WARN_RANGE_LOOP_ANALYSIS = YES;
				CLANG_WARN_STRICT_PROTOTYPES = YES;
				CLANG_WARN_SUSPICIOUS_MOVE = YES;
				CLANG_WARN_UNGUARDED_AVAILABILITY = YES_AGGRESSIVE;
				CLANG_WARN_UNREACHABLE_CODE = YES;
				CLANG_WARN__DUPLICATE_METHOD_MATCH = YES;
				CODE_SIGN_IDENTITY = "iPhone Developer";
				COPY_PHASE_STRIP = NO;
				CURRENT_PROJECT_VERSION = 1;
				DEBUG_INFORMATION_FORMAT = dwarf;
				ENABLE_STRICT_OBJC_MSGSEND = YES;
				ENABLE_TESTABILITY = YES;
				GCC_C_LANGUAGE_STANDARD = gnu11;
				GCC_DYNAMIC_NO_PIC = NO;
				GCC_NO_COMMON_BLOCKS = YES;
				GCC_OPTIMIZATION_LEVEL = 0;
				GCC_PREPROCESSOR_DEFINITIONS = (
					"DEBUG=1",
					"$(inherited)",
				);
				GCC_WARN_64_TO_32_BIT_CONVERSION = YES;
				GCC_WARN_ABOUT_RETURN_TYPE = YES_ERROR;
				GCC_WARN_UNDECLARED_SELECTOR = YES;
				GCC_WARN_UNINITIALIZED_AUTOS = YES_AGGRESSIVE;
				GCC_WARN_UNUSED_FUNCTION = YES;
				GCC_WARN_UNUSED_VARIABLE = YES;
				IPHONEOS_DEPLOYMENT_TARGET = 12.2;
				MTL_ENABLE_DEBUG_INFO = INCLUDE_SOURCE;
				MTL_FAST_MATH = YES;
				ONLY_ACTIVE_ARCH = YES;
				SDKROOT = iphoneos;
				SWIFT_ACTIVE_COMPILATION_CONDITIONS = DEBUG;
				SWIFT_OPTIMIZATION_LEVEL = "-Onone";
				VERSIONING_SYSTEM = "apple-generic";
				VERSION_INFO_PREFIX = "";
			};
			name = Debug;
		};
		3BAB877B22F8797F00B0CABD /* Release */ = {
			isa = XCBuildConfiguration;
			buildSettings = {
				ALWAYS_SEARCH_USER_PATHS = NO;
				CLANG_ANALYZER_NONNULL = YES;
				CLANG_ANALYZER_NUMBER_OBJECT_CONVERSION = YES_AGGRESSIVE;
				CLANG_CXX_LANGUAGE_STANDARD = "gnu++14";
				CLANG_CXX_LIBRARY = "libc++";
				CLANG_ENABLE_MODULES = YES;
				CLANG_ENABLE_OBJC_ARC = YES;
				CLANG_ENABLE_OBJC_WEAK = YES;
				CLANG_WARN_BLOCK_CAPTURE_AUTORELEASING = YES;
				CLANG_WARN_BOOL_CONVERSION = YES;
				CLANG_WARN_COMMA = YES;
				CLANG_WARN_CONSTANT_CONVERSION = YES;
				CLANG_WARN_DEPRECATED_OBJC_IMPLEMENTATIONS = YES;
				CLANG_WARN_DIRECT_OBJC_ISA_USAGE = YES_ERROR;
				CLANG_WARN_DOCUMENTATION_COMMENTS = YES;
				CLANG_WARN_EMPTY_BODY = YES;
				CLANG_WARN_ENUM_CONVERSION = YES;
				CLANG_WARN_INFINITE_RECURSION = YES;
				CLANG_WARN_INT_CONVERSION = YES;
				CLANG_WARN_NON_LITERAL_NULL_CONVERSION = YES;
				CLANG_WARN_OBJC_IMPLICIT_RETAIN_SELF = YES;
				CLANG_WARN_OBJC_LITERAL_CONVERSION = YES;
				CLANG_WARN_OBJC_ROOT_CLASS = YES_ERROR;
				CLANG_WARN_RANGE_LOOP_ANALYSIS = YES;
				CLANG_WARN_STRICT_PROTOTYPES = YES;
				CLANG_WARN_SUSPICIOUS_MOVE = YES;
				CLANG_WARN_UNGUARDED_AVAILABILITY = YES_AGGRESSIVE;
				CLANG_WARN_UNREACHABLE_CODE = YES;
				CLANG_WARN__DUPLICATE_METHOD_MATCH = YES;
				CODE_SIGN_IDENTITY = "iPhone Developer";
				COPY_PHASE_STRIP = NO;
				CURRENT_PROJECT_VERSION = 1;
				DEBUG_INFORMATION_FORMAT = "dwarf-with-dsym";
				ENABLE_NS_ASSERTIONS = NO;
				ENABLE_STRICT_OBJC_MSGSEND = YES;
				GCC_C_LANGUAGE_STANDARD = gnu11;
				GCC_NO_COMMON_BLOCKS = YES;
				GCC_WARN_64_TO_32_BIT_CONVERSION = YES;
				GCC_WARN_ABOUT_RETURN_TYPE = YES_ERROR;
				GCC_WARN_UNDECLARED_SELECTOR = YES;
				GCC_WARN_UNINITIALIZED_AUTOS = YES_AGGRESSIVE;
				GCC_WARN_UNUSED_FUNCTION = YES;
				GCC_WARN_UNUSED_VARIABLE = YES;
				IPHONEOS_DEPLOYMENT_TARGET = 12.2;
				MTL_ENABLE_DEBUG_INFO = NO;
				MTL_FAST_MATH = YES;
				SDKROOT = iphoneos;
				SWIFT_COMPILATION_MODE = wholemodule;
				SWIFT_OPTIMIZATION_LEVEL = "-O";
				VALIDATE_PRODUCT = YES;
				VERSIONING_SYSTEM = "apple-generic";
				VERSION_INFO_PREFIX = "";
			};
			name = Release;
		};
		3BAB877D22F8797F00B0CABD /* Debug */ = {
			isa = XCBuildConfiguration;
			buildSettings = {
				CODE_SIGN_IDENTITY = "";
				CODE_SIGN_STYLE = Automatic;
				DEFINES_MODULE = YES;
				DYLIB_COMPATIBILITY_VERSION = 1;
				DYLIB_CURRENT_VERSION = 1;
				DYLIB_INSTALL_NAME_BASE = "@rpath";
				FRAMEWORK_SEARCH_PATHS = "$(SRCROOT)/../Carthage/Build/iOS";
				INFOPLIST_FILE = AppStoreReviewAPILayer/Info.plist;
				INSTALL_PATH = "$(LOCAL_LIBRARY_DIR)/Frameworks";
				IPHONEOS_DEPLOYMENT_TARGET = 12.0;
				LD_RUNPATH_SEARCH_PATHS = (
					"$(inherited)",
					"@executable_path/Frameworks",
					"@loader_path/Frameworks",
				);
				PRODUCT_BUNDLE_IDENTIFIER = tz.AppStoreReviewAPILayer;
				PRODUCT_NAME = "$(TARGET_NAME:c99extidentifier)";
				SKIP_INSTALL = YES;
				SWIFT_VERSION = 5.0;
				TARGETED_DEVICE_FAMILY = "1,2";
			};
			name = Debug;
		};
		3BAB877E22F8797F00B0CABD /* Release */ = {
			isa = XCBuildConfiguration;
			buildSettings = {
				CODE_SIGN_IDENTITY = "";
				CODE_SIGN_STYLE = Automatic;
				DEFINES_MODULE = YES;
				DYLIB_COMPATIBILITY_VERSION = 1;
				DYLIB_CURRENT_VERSION = 1;
				DYLIB_INSTALL_NAME_BASE = "@rpath";
				FRAMEWORK_SEARCH_PATHS = "$(SRCROOT)/../Carthage/Build/iOS";
				INFOPLIST_FILE = AppStoreReviewAPILayer/Info.plist;
				INSTALL_PATH = "$(LOCAL_LIBRARY_DIR)/Frameworks";
				IPHONEOS_DEPLOYMENT_TARGET = 12.0;
				LD_RUNPATH_SEARCH_PATHS = (
					"$(inherited)",
					"@executable_path/Frameworks",
					"@loader_path/Frameworks",
				);
				PRODUCT_BUNDLE_IDENTIFIER = tz.AppStoreReviewAPILayer;
				PRODUCT_NAME = "$(TARGET_NAME:c99extidentifier)";
				SKIP_INSTALL = YES;
				SWIFT_VERSION = 5.0;
				TARGETED_DEVICE_FAMILY = "1,2";
			};
			name = Release;
		};
		3BAB878022F8797F00B0CABD /* Debug */ = {
			isa = XCBuildConfiguration;
			buildSettings = {
				ALWAYS_EMBED_SWIFT_STANDARD_LIBRARIES = YES;
				CODE_SIGN_STYLE = Automatic;
				INFOPLIST_FILE = AppStoreReviewAPILayerTests/Info.plist;
				LD_RUNPATH_SEARCH_PATHS = (
					"$(inherited)",
					"@executable_path/Frameworks",
					"@loader_path/Frameworks",
				);
				PRODUCT_BUNDLE_IDENTIFIER = tz.AppStoreReviewAPILayerTests;
				PRODUCT_NAME = "$(TARGET_NAME)";
				SWIFT_VERSION = 5.0;
				TARGETED_DEVICE_FAMILY = "1,2";
			};
			name = Debug;
		};
		3BAB878122F8797F00B0CABD /* Release */ = {
			isa = XCBuildConfiguration;
			buildSettings = {
				ALWAYS_EMBED_SWIFT_STANDARD_LIBRARIES = YES;
				CODE_SIGN_STYLE = Automatic;
				INFOPLIST_FILE = AppStoreReviewAPILayerTests/Info.plist;
				LD_RUNPATH_SEARCH_PATHS = (
					"$(inherited)",
					"@executable_path/Frameworks",
					"@loader_path/Frameworks",
				);
				PRODUCT_BUNDLE_IDENTIFIER = tz.AppStoreReviewAPILayerTests;
				PRODUCT_NAME = "$(TARGET_NAME)";
				SWIFT_VERSION = 5.0;
				TARGETED_DEVICE_FAMILY = "1,2";
			};
			name = Release;
		};
/* End XCBuildConfiguration section */

/* Begin XCConfigurationList section */
		3BAB876222F8797E00B0CABD /* Build configuration list for PBXProject "AppStoreReviewAPILayer" */ = {
			isa = XCConfigurationList;
			buildConfigurations = (
				3BAB877A22F8797F00B0CABD /* Debug */,
				3BAB877B22F8797F00B0CABD /* Release */,
			);
			defaultConfigurationIsVisible = 0;
			defaultConfigurationName = Release;
		};
		3BAB877C22F8797F00B0CABD /* Build configuration list for PBXNativeTarget "AppStoreReviewAPILayer" */ = {
			isa = XCConfigurationList;
			buildConfigurations = (
				3BAB877D22F8797F00B0CABD /* Debug */,
				3BAB877E22F8797F00B0CABD /* Release */,
			);
			defaultConfigurationIsVisible = 0;
			defaultConfigurationName = Release;
		};
		3BAB877F22F8797F00B0CABD /* Build configuration list for PBXNativeTarget "AppStoreReviewAPILayerTests" */ = {
			isa = XCConfigurationList;
			buildConfigurations = (
				3BAB878022F8797F00B0CABD /* Debug */,
				3BAB878122F8797F00B0CABD /* Release */,
			);
			defaultConfigurationIsVisible = 0;
			defaultConfigurationName = Release;
		};
/* End XCConfigurationList section */
	};
	rootObject = 3BAB875F22F8797E00B0CABD /* Project object */;
}
